// !$*UTF8*$!
{
	archiveVersion = 1;
	classes = {
	};
	objectVersion = 55;
	objects = {

/* Begin PBXBuildFile section */
		640517902909328F0088AB0F /* AnimationChallenge4Home.swift in Sources */ = {isa = PBXBuildFile; fileRef = 6405178E2909328F0088AB0F /* AnimationChallenge4Home.swift */; };
		640517912909328F0088AB0F /* CustomCorners.swift in Sources */ = {isa = PBXBuildFile; fileRef = 6405178F2909328F0088AB0F /* CustomCorners.swift */; };
		64051793290932A10088AB0F /* Album.swift in Sources */ = {isa = PBXBuildFile; fileRef = 64051792290932A10088AB0F /* Album.swift */; };
		64051797290936880088AB0F /* AnimationHackHome.swift in Sources */ = {isa = PBXBuildFile; fileRef = 64051796290936880088AB0F /* AnimationHackHome.swift */; };
		6405179C290938290088AB0F /* BreatheAnimationHome.swift in Sources */ = {isa = PBXBuildFile; fileRef = 6405179B290938290088AB0F /* BreatheAnimationHome.swift */; };
		6405179E290938310088AB0F /* BreatheType.swift in Sources */ = {isa = PBXBuildFile; fileRef = 6405179D290938310088AB0F /* BreatheType.swift */; };
		640517AE29093B470088AB0F /* BoomerangCardsHome.swift in Sources */ = {isa = PBXBuildFile; fileRef = 640517AB29093B470088AB0F /* BoomerangCardsHome.swift */; };
		640517AF29093B470088AB0F /* Card.swift in Sources */ = {isa = PBXBuildFile; fileRef = 640517AD29093B470088AB0F /* Card.swift */; };
		641957E2290CB0D100B28259 /* AnimatedIndicatorHome.swift in Sources */ = {isa = PBXBuildFile; fileRef = 641957E1290CB0D100B28259 /* AnimatedIndicatorHome.swift */; };
		6419580F290CE46100B28259 /* hikeData.json in Resources */ = {isa = PBXBuildFile; fileRef = 641957E5290CE46100B28259 /* hikeData.json */; };
		64195810290CE46100B28259 /* landmarkData.json in Resources */ = {isa = PBXBuildFile; fileRef = 641957E6290CE46100B28259 /* landmarkData.json */; };
		64195811290CE46100B28259 /* GraphCapsule.swift in Sources */ = {isa = PBXBuildFile; fileRef = 641957E9290CE46100B28259 /* GraphCapsule.swift */; };
		64195812290CE46100B28259 /* HikeGraph.swift in Sources */ = {isa = PBXBuildFile; fileRef = 641957EA290CE46100B28259 /* HikeGraph.swift */; };
		64195813290CE46100B28259 /* HikeDetail.swift in Sources */ = {isa = PBXBuildFile; fileRef = 641957EB290CE46100B28259 /* HikeDetail.swift */; };
		64195814290CE46100B28259 /* HikeView.swift in Sources */ = {isa = PBXBuildFile; fileRef = 641957EC290CE46100B28259 /* HikeView.swift */; };
		64195815290CE46100B28259 /* FeatureCard.swift in Sources */ = {isa = PBXBuildFile; fileRef = 641957EE290CE46100B28259 /* FeatureCard.swift */; };
		64195816290CE46100B28259 /* PageControl.swift in Sources */ = {isa = PBXBuildFile; fileRef = 641957EF290CE46100B28259 /* PageControl.swift */; };
		64195817290CE46100B28259 /* PageViewController.swift in Sources */ = {isa = PBXBuildFile; fileRef = 641957F0290CE46100B28259 /* PageViewController.swift */; };
		64195818290CE46100B28259 /* PageView.swift in Sources */ = {isa = PBXBuildFile; fileRef = 641957F1290CE46100B28259 /* PageView.swift */; };
		64195819290CE46100B28259 /* LandmarkList.swift in Sources */ = {isa = PBXBuildFile; fileRef = 641957F3290CE46100B28259 /* LandmarkList.swift */; };
		6419581A290CE46100B28259 /* LandmarkDetail.swift in Sources */ = {isa = PBXBuildFile; fileRef = 641957F4290CE46100B28259 /* LandmarkDetail.swift */; };
		6419581B290CE46100B28259 /* LandmarkRow.swift in Sources */ = {isa = PBXBuildFile; fileRef = 641957F5290CE46100B28259 /* LandmarkRow.swift */; };
		6419581C290CE46100B28259 /* ProfileSummary.swift in Sources */ = {isa = PBXBuildFile; fileRef = 641957F7290CE46100B28259 /* ProfileSummary.swift */; };
		6419581D290CE46100B28259 /* ProfileEditor.swift in Sources */ = {isa = PBXBuildFile; fileRef = 641957F8290CE46100B28259 /* ProfileEditor.swift */; };
		6419581E290CE46100B28259 /* ProfileHost.swift in Sources */ = {isa = PBXBuildFile; fileRef = 641957F9290CE46100B28259 /* ProfileHost.swift */; };
		6419581F290CE46100B28259 /* CategoryItem.swift in Sources */ = {isa = PBXBuildFile; fileRef = 641957FB290CE46100B28259 /* CategoryItem.swift */; };
		64195820290CE46100B28259 /* CategoryHome.swift in Sources */ = {isa = PBXBuildFile; fileRef = 641957FC290CE46100B28259 /* CategoryHome.swift */; };
		64195821290CE46100B28259 /* CategoryRow.swift in Sources */ = {isa = PBXBuildFile; fileRef = 641957FD290CE46100B28259 /* CategoryRow.swift */; };
		64195822290CE46100B28259 /* AppleLandMarkHome.swift in Sources */ = {isa = PBXBuildFile; fileRef = 641957FE290CE46100B28259 /* AppleLandMarkHome.swift */; };
		64195823290CE46100B28259 /* MapView.swift in Sources */ = {isa = PBXBuildFile; fileRef = 64195800290CE46100B28259 /* MapView.swift */; };
		64195824290CE46100B28259 /* CircleImage.swift in Sources */ = {isa = PBXBuildFile; fileRef = 64195801290CE46100B28259 /* CircleImage.swift */; };
		64195825290CE46100B28259 /* FavoriteButton.swift in Sources */ = {isa = PBXBuildFile; fileRef = 64195802290CE46100B28259 /* FavoriteButton.swift */; };
		64195826290CE46100B28259 /* HikeBadge.swift in Sources */ = {isa = PBXBuildFile; fileRef = 64195804290CE46100B28259 /* HikeBadge.swift */; };
		64195827290CE46100B28259 /* RotatedBadgeSymbol.swift in Sources */ = {isa = PBXBuildFile; fileRef = 64195805290CE46100B28259 /* RotatedBadgeSymbol.swift */; };
		64195828290CE46100B28259 /* HexagonParameters.swift in Sources */ = {isa = PBXBuildFile; fileRef = 64195806290CE46100B28259 /* HexagonParameters.swift */; };
		64195829290CE46100B28259 /* BadgeSymbol.swift in Sources */ = {isa = PBXBuildFile; fileRef = 64195807290CE46100B28259 /* BadgeSymbol.swift */; };
		6419582A290CE46100B28259 /* BadgeBackground.swift in Sources */ = {isa = PBXBuildFile; fileRef = 64195808290CE46100B28259 /* BadgeBackground.swift */; };
		6419582B290CE46100B28259 /* Badge.swift in Sources */ = {isa = PBXBuildFile; fileRef = 64195809290CE46100B28259 /* Badge.swift */; };
		6419582C290CE46100B28259 /* Profile.swift in Sources */ = {isa = PBXBuildFile; fileRef = 6419580B290CE46100B28259 /* Profile.swift */; };
		6419582D290CE46100B28259 /* Hike.swift in Sources */ = {isa = PBXBuildFile; fileRef = 6419580C290CE46100B28259 /* Hike.swift */; };
		6419582E290CE46100B28259 /* ModelData.swift in Sources */ = {isa = PBXBuildFile; fileRef = 6419580D290CE46100B28259 /* ModelData.swift */; };
		6419582F290CE46100B28259 /* Landmark.swift in Sources */ = {isa = PBXBuildFile; fileRef = 6419580E290CE46100B28259 /* Landmark.swift */; };
		6455464D290BC3CD00205AD3 /* NetflixSplashScreenHome.swift in Sources */ = {isa = PBXBuildFile; fileRef = 6455464B290BC3CD00205AD3 /* NetflixSplashScreenHome.swift */; };
		6455464E290BC3CD00205AD3 /* NetflixSplashScreen.swift in Sources */ = {isa = PBXBuildFile; fileRef = 6455464C290BC3CD00205AD3 /* NetflixSplashScreen.swift */; };
		64554650290BC3E100205AD3 /* logo.gif in Resources */ = {isa = PBXBuildFile; fileRef = 6455464F290BC3E100205AD3 /* logo.gif */; };
		64554653290BC4E200205AD3 /* SDWebImage in Frameworks */ = {isa = PBXBuildFile; productRef = 64554652290BC4E200205AD3 /* SDWebImage */; };
		64554656290BC59C00205AD3 /* SDWebImageSwiftUI in Frameworks */ = {isa = PBXBuildFile; productRef = 64554655290BC59C00205AD3 /* SDWebImageSwiftUI */; };
		645927B02905F79B00BA55BE /* Tests_iOS.swift in Sources */ = {isa = PBXBuildFile; fileRef = 645927AF2905F79B00BA55BE /* Tests_iOS.swift */; };
		645927B22905F79B00BA55BE /* Tests_iOSLaunchTests.swift in Sources */ = {isa = PBXBuildFile; fileRef = 645927B12905F79B00BA55BE /* Tests_iOSLaunchTests.swift */; };
		645927BC2905F79B00BA55BE /* Tests_macOS.swift in Sources */ = {isa = PBXBuildFile; fileRef = 645927BB2905F79B00BA55BE /* Tests_macOS.swift */; };
		645927BE2905F79B00BA55BE /* Tests_macOSLaunchTests.swift in Sources */ = {isa = PBXBuildFile; fileRef = 645927BD2905F79B00BA55BE /* Tests_macOSLaunchTests.swift */; };
		645927BF2905F79B00BA55BE /* examplesApp.swift in Sources */ = {isa = PBXBuildFile; fileRef = 645927972905F79A00BA55BE /* examplesApp.swift */; };
		645927C02905F79B00BA55BE /* examplesApp.swift in Sources */ = {isa = PBXBuildFile; fileRef = 645927972905F79A00BA55BE /* examplesApp.swift */; };
		645927C12905F79B00BA55BE /* ContentView.swift in Sources */ = {isa = PBXBuildFile; fileRef = 645927982905F79A00BA55BE /* ContentView.swift */; };
		645927C22905F79B00BA55BE /* ContentView.swift in Sources */ = {isa = PBXBuildFile; fileRef = 645927982905F79A00BA55BE /* ContentView.swift */; };
		645927C32905F79B00BA55BE /* Assets.xcassets in Resources */ = {isa = PBXBuildFile; fileRef = 645927992905F79B00BA55BE /* Assets.xcassets */; };
		645927C42905F79B00BA55BE /* Assets.xcassets in Resources */ = {isa = PBXBuildFile; fileRef = 645927992905F79B00BA55BE /* Assets.xcassets */; };
		64B1740C290B964F001DD5A8 /* ParseMarkdownToHTML.swift in Sources */ = {isa = PBXBuildFile; fileRef = 64B1740A290B964F001DD5A8 /* ParseMarkdownToHTML.swift */; };
		64B1740D290B964F001DD5A8 /* MarkdownView.swift in Sources */ = {isa = PBXBuildFile; fileRef = 64B1740B290B964F001DD5A8 /* MarkdownView.swift */; };
		64B1740F290B9674001DD5A8 /* MarkdownHome.swift in Sources */ = {isa = PBXBuildFile; fileRef = 64B1740E290B9673001DD5A8 /* MarkdownHome.swift */; };
		64B17415290B9797001DD5A8 /* Ink in Frameworks */ = {isa = PBXBuildFile; productRef = 64B17414290B9797001DD5A8 /* Ink */; settings = {ATTRIBUTES = (Weak, ); }; };
		64B1741B290BADDF001DD5A8 /* DCardAnimationAlbum.swift in Sources */ = {isa = PBXBuildFile; fileRef = 64B17418290BADDF001DD5A8 /* DCardAnimationAlbum.swift */; };
		64B1741C290BADDF001DD5A8 /* DCardAnimationHome.swift in Sources */ = {isa = PBXBuildFile; fileRef = 64B1741A290BADDF001DD5A8 /* DCardAnimationHome.swift */; };
		64B17422290BB547001DD5A8 /* Food.swift in Sources */ = {isa = PBXBuildFile; fileRef = 64B1741F290BB546001DD5A8 /* Food.swift */; };
		64B17423290BB547001DD5A8 /* AdvancedAnimationHome.swift in Sources */ = {isa = PBXBuildFile; fileRef = 64B17421290BB547001DD5A8 /* AdvancedAnimationHome.swift */; };
		64B17427290BB874001DD5A8 /* PencilHome.swift in Sources */ = {isa = PBXBuildFile; fileRef = 64B17425290BB874001DD5A8 /* PencilHome.swift */; };
		64B1742C290BBFAB001DD5A8 /* LtAnimationView.swift in Sources */ = {isa = PBXBuildFile; fileRef = 64B1742B290BBFAB001DD5A8 /* LtAnimationView.swift */; };
		64B1742E290BBFB4001DD5A8 /* Rating.json in Resources */ = {isa = PBXBuildFile; fileRef = 64B1742D290BBFB4001DD5A8 /* Rating.json */; };
		64B17430290BBFF0001DD5A8 /* LottieRatingBarHome.swift in Sources */ = {isa = PBXBuildFile; fileRef = 64B1742F290BBFF0001DD5A8 /* LottieRatingBarHome.swift */; };
		64B37B4B290D03C800E485E3 /* HSL.swift in Sources */ = {isa = PBXBuildFile; fileRef = 64B37B3F290D03C800E485E3 /* HSL.swift */; };
		64B37B4C290D03C800E485E3 /* Arithmetic.swift in Sources */ = {isa = PBXBuildFile; fileRef = 64B37B40290D03C800E485E3 /* Arithmetic.swift */; };
		64B37B4D290D03C800E485E3 /* GetRGBA.swift in Sources */ = {isa = PBXBuildFile; fileRef = 64B37B41290D03C800E485E3 /* GetRGBA.swift */; };
		64B37B4E290D03C800E485E3 /* HSV.swift in Sources */ = {isa = PBXBuildFile; fileRef = 64B37B42290D03C800E485E3 /* HSV.swift */; };
		64B37B4F290D03C800E485E3 /* RGB.swift in Sources */ = {isa = PBXBuildFile; fileRef = 64B37B43290D03C800E485E3 /* RGB.swift */; };
		64B37B50290D03C800E485E3 /* ColorWithCode.swift in Sources */ = {isa = PBXBuildFile; fileRef = 64B37B44290D03C800E485E3 /* ColorWithCode.swift */; };
		64B37B51290D03C800E485E3 /* HEX.swift in Sources */ = {isa = PBXBuildFile; fileRef = 64B37B45290D03C800E485E3 /* HEX.swift */; };
		64B37B52290D03C800E485E3 /* SliderWithText.swift in Sources */ = {isa = PBXBuildFile; fileRef = 64B37B46290D03C800E485E3 /* SliderWithText.swift */; };
		64B37B53290D03C800E485E3 /* CMYK.swift in Sources */ = {isa = PBXBuildFile; fileRef = 64B37B47290D03C800E485E3 /* CMYK.swift */; };
		64B37B54290D03C800E485E3 /* ColorArithmetic.swift in Sources */ = {isa = PBXBuildFile; fileRef = 64B37B49290D03C800E485E3 /* ColorArithmetic.swift */; };
		64B37B55290D03C800E485E3 /* Color.swift in Sources */ = {isa = PBXBuildFile; fileRef = 64B37B4A290D03C800E485E3 /* Color.swift */; };
		64B37B57290D03E000E485E3 /* ColorsExtensionsHome.swift in Sources */ = {isa = PBXBuildFile; fileRef = 64B37B56290D03E000E485E3 /* ColorsExtensionsHome.swift */; };
		64B37B61290D322A00E485E3 /* DepthEffectMotionManager.swift in Sources */ = {isa = PBXBuildFile; fileRef = 64B37B60290D322A00E485E3 /* DepthEffectMotionManager.swift */; };
		64B37B64290D341600E485E3 /* MotionDepthEffectHome.swift in Sources */ = {isa = PBXBuildFile; fileRef = 64B37B63290D341600E485E3 /* MotionDepthEffectHome.swift */; };
		64CEB393291659BB00C38D56 /* AnimationChallengeHome.swift in Sources */ = {isa = PBXBuildFile; fileRef = 64CEB391291659BB00C38D56 /* AnimationChallengeHome.swift */; };
		64CEB395291659CA00C38D56 /* HomeViewModel.swift in Sources */ = {isa = PBXBuildFile; fileRef = 64CEB394291659CA00C38D56 /* HomeViewModel.swift */; };
		64CEB39A29165BE100C38D56 /* AnimationsContent.swift in Sources */ = {isa = PBXBuildFile; fileRef = 64CEB39829165BE100C38D56 /* AnimationsContent.swift */; };
		64CEB39B29165BE100C38D56 /* CustomTabBar.swift in Sources */ = {isa = PBXBuildFile; fileRef = 64CEB39929165BE100C38D56 /* CustomTabBar.swift */; };
		64CEB39D29165BF800C38D56 /* AnimationsHome.swift in Sources */ = {isa = PBXBuildFile; fileRef = 64CEB39C29165BF800C38D56 /* AnimationsHome.swift */; };
		64CEB3A12916602100C38D56 /* CanvasHome.swift in Sources */ = {isa = PBXBuildFile; fileRef = 64CEB3A02916602100C38D56 /* CanvasHome.swift */; };
		64CEB3AB291660FF00C38D56 /* CanvasViewModel.swift in Sources */ = {isa = PBXBuildFile; fileRef = 64CEB3A4291660FF00C38D56 /* CanvasViewModel.swift */; };
		64CEB3AC291660FF00C38D56 /* StackItem.swift in Sources */ = {isa = PBXBuildFile; fileRef = 64CEB3A6291660FF00C38D56 /* StackItem.swift */; };
		64CEB3AD291660FF00C38D56 /* CanvasEditorHome.swift in Sources */ = {isa = PBXBuildFile; fileRef = 64CEB3A8291660FF00C38D56 /* CanvasEditorHome.swift */; };
		64CEB3AE291660FF00C38D56 /* ImagePicker.swift in Sources */ = {isa = PBXBuildFile; fileRef = 64CEB3A9291660FF00C38D56 /* ImagePicker.swift */; };
		64CEB3AF291660FF00C38D56 /* Canvas.swift in Sources */ = {isa = PBXBuildFile; fileRef = 64CEB3AA291660FF00C38D56 /* Canvas.swift */; };
		64CEB3B72916662300C38D56 /* AnimatedIndicator2Content.swift in Sources */ = {isa = PBXBuildFile; fileRef = 64CEB3B32916662200C38D56 /* AnimatedIndicator2Content.swift */; };
		64CEB3B82916662300C38D56 /* OffsetPageTabView.swift in Sources */ = {isa = PBXBuildFile; fileRef = 64CEB3B42916662200C38D56 /* OffsetPageTabView.swift */; };
		64CEB3B92916662300C38D56 /* Intro.swift in Sources */ = {isa = PBXBuildFile; fileRef = 64CEB3B62916662200C38D56 /* Intro.swift */; };
		64CEB3BB2916669900C38D56 /* AnimatedIndicator2Home.swift in Sources */ = {isa = PBXBuildFile; fileRef = 64CEB3BA2916669900C38D56 /* AnimatedIndicator2Home.swift */; };
		64E7FC8F290606F900D6AA9A /* BookAppAnimationHome.swift in Sources */ = {isa = PBXBuildFile; fileRef = 64E7FC8D290606F900D6AA9A /* BookAppAnimationHome.swift */; };
		64E7FC90290606F900D6AA9A /* IsometricView.swift in Sources */ = {isa = PBXBuildFile; fileRef = 64E7FC8E290606F900D6AA9A /* IsometricView.swift */; };
		64E7FC932906071E00D6AA9A /* Book.swift in Sources */ = {isa = PBXBuildFile; fileRef = 64E7FC922906071E00D6AA9A /* Book.swift */; };
		64E7FC962906080A00D6AA9A /* AppModel.swift in Sources */ = {isa = PBXBuildFile; fileRef = 64E7FC952906080A00D6AA9A /* AppModel.swift */; };
		64E7FC9B29065A5200D6AA9A /* ScrollIndicatorHome.swift in Sources */ = {isa = PBXBuildFile; fileRef = 64E7FC9A29065A5200D6AA9A /* ScrollIndicatorHome.swift */; };
		64E7FC9D29065A6900D6AA9A /* Character.swift in Sources */ = {isa = PBXBuildFile; fileRef = 64E7FC9C29065A6900D6AA9A /* Character.swift */; };
		64E7FCA329066D2400D6AA9A /* Product.swift in Sources */ = {isa = PBXBuildFile; fileRef = 64E7FCA229066D2400D6AA9A /* Product.swift */; };
		64E7FCA829066D2D00D6AA9A /* ShoeUIBaseView.swift in Sources */ = {isa = PBXBuildFile; fileRef = 64E7FCA429066D2D00D6AA9A /* ShoeUIBaseView.swift */; };
		64E7FCA929066D2D00D6AA9A /* DetailView.swift in Sources */ = {isa = PBXBuildFile; fileRef = 64E7FCA529066D2D00D6AA9A /* DetailView.swift */; };
		64E7FCAA29066D2D00D6AA9A /* ShoeUIHomeHome.swift in Sources */ = {isa = PBXBuildFile; fileRef = 64E7FCA629066D2D00D6AA9A /* ShoeUIHomeHome.swift */; };
		64E7FCAB29066D2D00D6AA9A /* CustomCurveShape.swift in Sources */ = {isa = PBXBuildFile; fileRef = 64E7FCA729066D2D00D6AA9A /* CustomCurveShape.swift */; };
		64E7FCAD29066D3500D6AA9A /* BaseViewModel.swift in Sources */ = {isa = PBXBuildFile; fileRef = 64E7FCAC29066D3500D6AA9A /* BaseViewModel.swift */; };
		64E7FCAF290673EA00D6AA9A /* Nike_Air_Jordan.scn in Resources */ = {isa = PBXBuildFile; fileRef = 64E7FCAE290673EA00D6AA9A /* Nike_Air_Jordan.scn */; };
		64E7FCB6290675BB00D6AA9A /* CustomSceneView.swift in Sources */ = {isa = PBXBuildFile; fileRef = 64E7FCB4290675BB00D6AA9A /* CustomSceneView.swift */; };
		64E7FCB7290675BB00D6AA9A /* _DShoeHome.swift in Sources */ = {isa = PBXBuildFile; fileRef = 64E7FCB5290675BB00D6AA9A /* _DShoeHome.swift */; };
		64E7FCBE29067DB100D6AA9A /* ParallaxCardsHome.swift in Sources */ = {isa = PBXBuildFile; fileRef = 64E7FCBD29067DB100D6AA9A /* ParallaxCardsHome.swift */; };
		64E7FCC129067DC400D6AA9A /* MotionManager.swift in Sources */ = {isa = PBXBuildFile; fileRef = 64E7FCC029067DC400D6AA9A /* MotionManager.swift */; };
		64E7FCC429067DD400D6AA9A /* Place.swift in Sources */ = {isa = PBXBuildFile; fileRef = 64E7FCC329067DD400D6AA9A /* Place.swift */; };
		64F35442290B2AA00072AA8B /* Lottie in Frameworks */ = {isa = PBXBuildFile; productRef = 64F35441290B2AA00072AA8B /* Lottie */; };
		64F3544A290B2C180072AA8B /* Account.json in Resources */ = {isa = PBXBuildFile; fileRef = 64F35445290B2C180072AA8B /* Account.json */; };
		64F3544B290B2C180072AA8B /* Chat.json in Resources */ = {isa = PBXBuildFile; fileRef = 64F35446290B2C180072AA8B /* Chat.json */; };
		64F3544C290B2C180072AA8B /* Home.json in Resources */ = {isa = PBXBuildFile; fileRef = 64F35447290B2C180072AA8B /* Home.json */; };
		64F3544D290B2C180072AA8B /* Notification.json in Resources */ = {isa = PBXBuildFile; fileRef = 64F35448290B2C180072AA8B /* Notification.json */; };
		64F3544E290B2C180072AA8B /* Saved.json in Resources */ = {isa = PBXBuildFile; fileRef = 64F35449290B2C180072AA8B /* Saved.json */; };
		64F35455290B2C370072AA8B /* AnimatedIcon.swift in Sources */ = {isa = PBXBuildFile; fileRef = 64F35450290B2C370072AA8B /* AnimatedIcon.swift */; };
		64F35456290B2C370072AA8B /* Tab.swift in Sources */ = {isa = PBXBuildFile; fileRef = 64F35451290B2C370072AA8B /* Tab.swift */; };
		64F35457290B2C380072AA8B /* AnimatedTabIconsMainView.swift in Sources */ = {isa = PBXBuildFile; fileRef = 64F35453290B2C370072AA8B /* AnimatedTabIconsMainView.swift */; };
		64F35458290B2C380072AA8B /* ResizableLottieView.swift in Sources */ = {isa = PBXBuildFile; fileRef = 64F35454290B2C370072AA8B /* ResizableLottieView.swift */; };
/* End PBXBuildFile section */

/* Begin PBXContainerItemProxy section */
		645927AC2905F79B00BA55BE /* PBXContainerItemProxy */ = {
			isa = PBXContainerItemProxy;
			containerPortal = 645927922905F79900BA55BE /* Project object */;
			proxyType = 1;
			remoteGlobalIDString = 6459279D2905F79B00BA55BE;
			remoteInfo = "examples (iOS)";
		};
		645927B82905F79B00BA55BE /* PBXContainerItemProxy */ = {
			isa = PBXContainerItemProxy;
			containerPortal = 645927922905F79900BA55BE /* Project object */;
			proxyType = 1;
			remoteGlobalIDString = 645927A32905F79B00BA55BE;
			remoteInfo = "examples (macOS)";
		};
/* End PBXContainerItemProxy section */

/* Begin PBXFileReference section */
		6405178E2909328F0088AB0F /* AnimationChallenge4Home.swift */ = {isa = PBXFileReference; fileEncoding = 4; lastKnownFileType = sourcecode.swift; path = AnimationChallenge4Home.swift; sourceTree = "<group>"; };
		6405178F2909328F0088AB0F /* CustomCorners.swift */ = {isa = PBXFileReference; fileEncoding = 4; lastKnownFileType = sourcecode.swift; path = CustomCorners.swift; sourceTree = "<group>"; };
		64051792290932A10088AB0F /* Album.swift */ = {isa = PBXFileReference; fileEncoding = 4; lastKnownFileType = sourcecode.swift; path = Album.swift; sourceTree = "<group>"; };
		64051796290936880088AB0F /* AnimationHackHome.swift */ = {isa = PBXFileReference; lastKnownFileType = sourcecode.swift; path = AnimationHackHome.swift; sourceTree = "<group>"; };
		6405179B290938290088AB0F /* BreatheAnimationHome.swift */ = {isa = PBXFileReference; fileEncoding = 4; lastKnownFileType = sourcecode.swift; path = BreatheAnimationHome.swift; sourceTree = "<group>"; };
		6405179D290938310088AB0F /* BreatheType.swift */ = {isa = PBXFileReference; fileEncoding = 4; lastKnownFileType = sourcecode.swift; path = BreatheType.swift; sourceTree = "<group>"; };
		640517AB29093B470088AB0F /* BoomerangCardsHome.swift */ = {isa = PBXFileReference; fileEncoding = 4; lastKnownFileType = sourcecode.swift; path = BoomerangCardsHome.swift; sourceTree = "<group>"; };
		640517AD29093B470088AB0F /* Card.swift */ = {isa = PBXFileReference; fileEncoding = 4; lastKnownFileType = sourcecode.swift; path = Card.swift; sourceTree = "<group>"; };
		641957E1290CB0D100B28259 /* AnimatedIndicatorHome.swift */ = {isa = PBXFileReference; lastKnownFileType = sourcecode.swift; path = AnimatedIndicatorHome.swift; sourceTree = "<group>"; };
		641957E5290CE46100B28259 /* hikeData.json */ = {isa = PBXFileReference; fileEncoding = 4; lastKnownFileType = text.json; path = hikeData.json; sourceTree = "<group>"; };
		641957E6290CE46100B28259 /* landmarkData.json */ = {isa = PBXFileReference; fileEncoding = 4; lastKnownFileType = text.json; path = landmarkData.json; sourceTree = "<group>"; };
		641957E9290CE46100B28259 /* GraphCapsule.swift */ = {isa = PBXFileReference; fileEncoding = 4; lastKnownFileType = sourcecode.swift; path = GraphCapsule.swift; sourceTree = "<group>"; };
		641957EA290CE46100B28259 /* HikeGraph.swift */ = {isa = PBXFileReference; fileEncoding = 4; lastKnownFileType = sourcecode.swift; path = HikeGraph.swift; sourceTree = "<group>"; };
		641957EB290CE46100B28259 /* HikeDetail.swift */ = {isa = PBXFileReference; fileEncoding = 4; lastKnownFileType = sourcecode.swift; path = HikeDetail.swift; sourceTree = "<group>"; };
		641957EC290CE46100B28259 /* HikeView.swift */ = {isa = PBXFileReference; fileEncoding = 4; lastKnownFileType = sourcecode.swift; path = HikeView.swift; sourceTree = "<group>"; };
		641957EE290CE46100B28259 /* FeatureCard.swift */ = {isa = PBXFileReference; fileEncoding = 4; lastKnownFileType = sourcecode.swift; path = FeatureCard.swift; sourceTree = "<group>"; };
		641957EF290CE46100B28259 /* PageControl.swift */ = {isa = PBXFileReference; fileEncoding = 4; lastKnownFileType = sourcecode.swift; path = PageControl.swift; sourceTree = "<group>"; };
		641957F0290CE46100B28259 /* PageViewController.swift */ = {isa = PBXFileReference; fileEncoding = 4; lastKnownFileType = sourcecode.swift; path = PageViewController.swift; sourceTree = "<group>"; };
		641957F1290CE46100B28259 /* PageView.swift */ = {isa = PBXFileReference; fileEncoding = 4; lastKnownFileType = sourcecode.swift; path = PageView.swift; sourceTree = "<group>"; };
		641957F3290CE46100B28259 /* LandmarkList.swift */ = {isa = PBXFileReference; fileEncoding = 4; lastKnownFileType = sourcecode.swift; path = LandmarkList.swift; sourceTree = "<group>"; };
		641957F4290CE46100B28259 /* LandmarkDetail.swift */ = {isa = PBXFileReference; fileEncoding = 4; lastKnownFileType = sourcecode.swift; path = LandmarkDetail.swift; sourceTree = "<group>"; };
		641957F5290CE46100B28259 /* LandmarkRow.swift */ = {isa = PBXFileReference; fileEncoding = 4; lastKnownFileType = sourcecode.swift; path = LandmarkRow.swift; sourceTree = "<group>"; };
		641957F7290CE46100B28259 /* ProfileSummary.swift */ = {isa = PBXFileReference; fileEncoding = 4; lastKnownFileType = sourcecode.swift; path = ProfileSummary.swift; sourceTree = "<group>"; };
		641957F8290CE46100B28259 /* ProfileEditor.swift */ = {isa = PBXFileReference; fileEncoding = 4; lastKnownFileType = sourcecode.swift; path = ProfileEditor.swift; sourceTree = "<group>"; };
		641957F9290CE46100B28259 /* ProfileHost.swift */ = {isa = PBXFileReference; fileEncoding = 4; lastKnownFileType = sourcecode.swift; path = ProfileHost.swift; sourceTree = "<group>"; };
		641957FB290CE46100B28259 /* CategoryItem.swift */ = {isa = PBXFileReference; fileEncoding = 4; lastKnownFileType = sourcecode.swift; path = CategoryItem.swift; sourceTree = "<group>"; };
		641957FC290CE46100B28259 /* CategoryHome.swift */ = {isa = PBXFileReference; fileEncoding = 4; lastKnownFileType = sourcecode.swift; path = CategoryHome.swift; sourceTree = "<group>"; };
		641957FD290CE46100B28259 /* CategoryRow.swift */ = {isa = PBXFileReference; fileEncoding = 4; lastKnownFileType = sourcecode.swift; path = CategoryRow.swift; sourceTree = "<group>"; };
		641957FE290CE46100B28259 /* AppleLandMarkHome.swift */ = {isa = PBXFileReference; fileEncoding = 4; lastKnownFileType = sourcecode.swift; path = AppleLandMarkHome.swift; sourceTree = "<group>"; };
		64195800290CE46100B28259 /* MapView.swift */ = {isa = PBXFileReference; fileEncoding = 4; lastKnownFileType = sourcecode.swift; path = MapView.swift; sourceTree = "<group>"; };
		64195801290CE46100B28259 /* CircleImage.swift */ = {isa = PBXFileReference; fileEncoding = 4; lastKnownFileType = sourcecode.swift; path = CircleImage.swift; sourceTree = "<group>"; };
		64195802290CE46100B28259 /* FavoriteButton.swift */ = {isa = PBXFileReference; fileEncoding = 4; lastKnownFileType = sourcecode.swift; path = FavoriteButton.swift; sourceTree = "<group>"; };
		64195804290CE46100B28259 /* HikeBadge.swift */ = {isa = PBXFileReference; fileEncoding = 4; lastKnownFileType = sourcecode.swift; path = HikeBadge.swift; sourceTree = "<group>"; };
		64195805290CE46100B28259 /* RotatedBadgeSymbol.swift */ = {isa = PBXFileReference; fileEncoding = 4; lastKnownFileType = sourcecode.swift; path = RotatedBadgeSymbol.swift; sourceTree = "<group>"; };
		64195806290CE46100B28259 /* HexagonParameters.swift */ = {isa = PBXFileReference; fileEncoding = 4; lastKnownFileType = sourcecode.swift; path = HexagonParameters.swift; sourceTree = "<group>"; };
		64195807290CE46100B28259 /* BadgeSymbol.swift */ = {isa = PBXFileReference; fileEncoding = 4; lastKnownFileType = sourcecode.swift; path = BadgeSymbol.swift; sourceTree = "<group>"; };
		64195808290CE46100B28259 /* BadgeBackground.swift */ = {isa = PBXFileReference; fileEncoding = 4; lastKnownFileType = sourcecode.swift; path = BadgeBackground.swift; sourceTree = "<group>"; };
		64195809290CE46100B28259 /* Badge.swift */ = {isa = PBXFileReference; fileEncoding = 4; lastKnownFileType = sourcecode.swift; path = Badge.swift; sourceTree = "<group>"; };
		6419580B290CE46100B28259 /* Profile.swift */ = {isa = PBXFileReference; fileEncoding = 4; lastKnownFileType = sourcecode.swift; path = Profile.swift; sourceTree = "<group>"; };
		6419580C290CE46100B28259 /* Hike.swift */ = {isa = PBXFileReference; fileEncoding = 4; lastKnownFileType = sourcecode.swift; path = Hike.swift; sourceTree = "<group>"; };
		6419580D290CE46100B28259 /* ModelData.swift */ = {isa = PBXFileReference; fileEncoding = 4; lastKnownFileType = sourcecode.swift; path = ModelData.swift; sourceTree = "<group>"; };
		6419580E290CE46100B28259 /* Landmark.swift */ = {isa = PBXFileReference; fileEncoding = 4; lastKnownFileType = sourcecode.swift; path = Landmark.swift; sourceTree = "<group>"; };
		6455464B290BC3CD00205AD3 /* NetflixSplashScreenHome.swift */ = {isa = PBXFileReference; fileEncoding = 4; lastKnownFileType = sourcecode.swift; path = NetflixSplashScreenHome.swift; sourceTree = "<group>"; };
		6455464C290BC3CD00205AD3 /* NetflixSplashScreen.swift */ = {isa = PBXFileReference; fileEncoding = 4; lastKnownFileType = sourcecode.swift; path = NetflixSplashScreen.swift; sourceTree = "<group>"; };
		6455464F290BC3E100205AD3 /* logo.gif */ = {isa = PBXFileReference; lastKnownFileType = image.gif; path = logo.gif; sourceTree = "<group>"; };
		645927972905F79A00BA55BE /* examplesApp.swift */ = {isa = PBXFileReference; lastKnownFileType = sourcecode.swift; path = examplesApp.swift; sourceTree = "<group>"; };
		645927982905F79A00BA55BE /* ContentView.swift */ = {isa = PBXFileReference; lastKnownFileType = sourcecode.swift; path = ContentView.swift; sourceTree = "<group>"; };
		645927992905F79B00BA55BE /* Assets.xcassets */ = {isa = PBXFileReference; lastKnownFileType = folder.assetcatalog; path = Assets.xcassets; sourceTree = "<group>"; };
		6459279E2905F79B00BA55BE /* examples.app */ = {isa = PBXFileReference; explicitFileType = wrapper.application; includeInIndex = 0; path = examples.app; sourceTree = BUILT_PRODUCTS_DIR; };
		645927A42905F79B00BA55BE /* examples.app */ = {isa = PBXFileReference; explicitFileType = wrapper.application; includeInIndex = 0; path = examples.app; sourceTree = BUILT_PRODUCTS_DIR; };
		645927A62905F79B00BA55BE /* macOS.entitlements */ = {isa = PBXFileReference; lastKnownFileType = text.plist.entitlements; path = macOS.entitlements; sourceTree = "<group>"; };
		645927AB2905F79B00BA55BE /* Tests iOS.xctest */ = {isa = PBXFileReference; explicitFileType = wrapper.cfbundle; includeInIndex = 0; path = "Tests iOS.xctest"; sourceTree = BUILT_PRODUCTS_DIR; };
		645927AF2905F79B00BA55BE /* Tests_iOS.swift */ = {isa = PBXFileReference; lastKnownFileType = sourcecode.swift; path = Tests_iOS.swift; sourceTree = "<group>"; };
		645927B12905F79B00BA55BE /* Tests_iOSLaunchTests.swift */ = {isa = PBXFileReference; lastKnownFileType = sourcecode.swift; path = Tests_iOSLaunchTests.swift; sourceTree = "<group>"; };
		645927B72905F79B00BA55BE /* Tests macOS.xctest */ = {isa = PBXFileReference; explicitFileType = wrapper.cfbundle; includeInIndex = 0; path = "Tests macOS.xctest"; sourceTree = BUILT_PRODUCTS_DIR; };
		645927BB2905F79B00BA55BE /* Tests_macOS.swift */ = {isa = PBXFileReference; lastKnownFileType = sourcecode.swift; path = Tests_macOS.swift; sourceTree = "<group>"; };
		645927BD2905F79B00BA55BE /* Tests_macOSLaunchTests.swift */ = {isa = PBXFileReference; lastKnownFileType = sourcecode.swift; path = Tests_macOSLaunchTests.swift; sourceTree = "<group>"; };
		64B1740A290B964F001DD5A8 /* ParseMarkdownToHTML.swift */ = {isa = PBXFileReference; fileEncoding = 4; lastKnownFileType = sourcecode.swift; path = ParseMarkdownToHTML.swift; sourceTree = "<group>"; };
		64B1740B290B964F001DD5A8 /* MarkdownView.swift */ = {isa = PBXFileReference; fileEncoding = 4; lastKnownFileType = sourcecode.swift; path = MarkdownView.swift; sourceTree = "<group>"; };
		64B1740E290B9673001DD5A8 /* MarkdownHome.swift */ = {isa = PBXFileReference; fileEncoding = 4; lastKnownFileType = sourcecode.swift; path = MarkdownHome.swift; sourceTree = "<group>"; };
		64B17418290BADDF001DD5A8 /* DCardAnimationAlbum.swift */ = {isa = PBXFileReference; fileEncoding = 4; lastKnownFileType = sourcecode.swift; path = DCardAnimationAlbum.swift; sourceTree = "<group>"; };
		64B1741A290BADDF001DD5A8 /* DCardAnimationHome.swift */ = {isa = PBXFileReference; fileEncoding = 4; lastKnownFileType = sourcecode.swift; path = DCardAnimationHome.swift; sourceTree = "<group>"; };
		64B1741F290BB546001DD5A8 /* Food.swift */ = {isa = PBXFileReference; fileEncoding = 4; lastKnownFileType = sourcecode.swift; path = Food.swift; sourceTree = "<group>"; };
		64B17421290BB547001DD5A8 /* AdvancedAnimationHome.swift */ = {isa = PBXFileReference; fileEncoding = 4; lastKnownFileType = sourcecode.swift; path = AdvancedAnimationHome.swift; sourceTree = "<group>"; };
		64B17425290BB874001DD5A8 /* PencilHome.swift */ = {isa = PBXFileReference; fileEncoding = 4; lastKnownFileType = sourcecode.swift; path = PencilHome.swift; sourceTree = "<group>"; };
		64B1742B290BBFAB001DD5A8 /* LtAnimationView.swift */ = {isa = PBXFileReference; fileEncoding = 4; lastKnownFileType = sourcecode.swift; path = LtAnimationView.swift; sourceTree = "<group>"; };
		64B1742D290BBFB4001DD5A8 /* Rating.json */ = {isa = PBXFileReference; fileEncoding = 4; lastKnownFileType = text.json; path = Rating.json; sourceTree = "<group>"; };
		64B1742F290BBFF0001DD5A8 /* LottieRatingBarHome.swift */ = {isa = PBXFileReference; fileEncoding = 4; lastKnownFileType = sourcecode.swift; path = LottieRatingBarHome.swift; sourceTree = "<group>"; };
		64B37B3F290D03C800E485E3 /* HSL.swift */ = {isa = PBXFileReference; fileEncoding = 4; lastKnownFileType = sourcecode.swift; path = HSL.swift; sourceTree = "<group>"; };
		64B37B40290D03C800E485E3 /* Arithmetic.swift */ = {isa = PBXFileReference; fileEncoding = 4; lastKnownFileType = sourcecode.swift; path = Arithmetic.swift; sourceTree = "<group>"; };
		64B37B41290D03C800E485E3 /* GetRGBA.swift */ = {isa = PBXFileReference; fileEncoding = 4; lastKnownFileType = sourcecode.swift; path = GetRGBA.swift; sourceTree = "<group>"; };
		64B37B42290D03C800E485E3 /* HSV.swift */ = {isa = PBXFileReference; fileEncoding = 4; lastKnownFileType = sourcecode.swift; path = HSV.swift; sourceTree = "<group>"; };
		64B37B43290D03C800E485E3 /* RGB.swift */ = {isa = PBXFileReference; fileEncoding = 4; lastKnownFileType = sourcecode.swift; path = RGB.swift; sourceTree = "<group>"; };
		64B37B44290D03C800E485E3 /* ColorWithCode.swift */ = {isa = PBXFileReference; fileEncoding = 4; lastKnownFileType = sourcecode.swift; path = ColorWithCode.swift; sourceTree = "<group>"; };
		64B37B45290D03C800E485E3 /* HEX.swift */ = {isa = PBXFileReference; fileEncoding = 4; lastKnownFileType = sourcecode.swift; path = HEX.swift; sourceTree = "<group>"; };
		64B37B46290D03C800E485E3 /* SliderWithText.swift */ = {isa = PBXFileReference; fileEncoding = 4; lastKnownFileType = sourcecode.swift; path = SliderWithText.swift; sourceTree = "<group>"; };
		64B37B47290D03C800E485E3 /* CMYK.swift */ = {isa = PBXFileReference; fileEncoding = 4; lastKnownFileType = sourcecode.swift; path = CMYK.swift; sourceTree = "<group>"; };
		64B37B49290D03C800E485E3 /* ColorArithmetic.swift */ = {isa = PBXFileReference; fileEncoding = 4; lastKnownFileType = sourcecode.swift; path = ColorArithmetic.swift; sourceTree = "<group>"; };
		64B37B4A290D03C800E485E3 /* Color.swift */ = {isa = PBXFileReference; fileEncoding = 4; lastKnownFileType = sourcecode.swift; path = Color.swift; sourceTree = "<group>"; };
		64B37B56290D03E000E485E3 /* ColorsExtensionsHome.swift */ = {isa = PBXFileReference; lastKnownFileType = sourcecode.swift; path = ColorsExtensionsHome.swift; sourceTree = "<group>"; };
		64B37B60290D322A00E485E3 /* DepthEffectMotionManager.swift */ = {isa = PBXFileReference; lastKnownFileType = sourcecode.swift; path = DepthEffectMotionManager.swift; sourceTree = "<group>"; };
		64B37B63290D341600E485E3 /* MotionDepthEffectHome.swift */ = {isa = PBXFileReference; lastKnownFileType = sourcecode.swift; path = MotionDepthEffectHome.swift; sourceTree = "<group>"; };
		64CEB391291659BB00C38D56 /* AnimationChallengeHome.swift */ = {isa = PBXFileReference; fileEncoding = 4; lastKnownFileType = sourcecode.swift; path = AnimationChallengeHome.swift; sourceTree = "<group>"; };
		64CEB394291659CA00C38D56 /* HomeViewModel.swift */ = {isa = PBXFileReference; fileEncoding = 4; lastKnownFileType = sourcecode.swift; path = HomeViewModel.swift; sourceTree = "<group>"; };
		64CEB39829165BE100C38D56 /* AnimationsContent.swift */ = {isa = PBXFileReference; fileEncoding = 4; lastKnownFileType = sourcecode.swift; path = AnimationsContent.swift; sourceTree = "<group>"; };
		64CEB39929165BE100C38D56 /* CustomTabBar.swift */ = {isa = PBXFileReference; fileEncoding = 4; lastKnownFileType = sourcecode.swift; path = CustomTabBar.swift; sourceTree = "<group>"; };
		64CEB39C29165BF800C38D56 /* AnimationsHome.swift */ = {isa = PBXFileReference; fileEncoding = 4; lastKnownFileType = sourcecode.swift; path = AnimationsHome.swift; sourceTree = "<group>"; };
		64CEB3A02916602100C38D56 /* CanvasHome.swift */ = {isa = PBXFileReference; fileEncoding = 4; lastKnownFileType = sourcecode.swift; path = CanvasHome.swift; sourceTree = "<group>"; };
		64CEB3A4291660FF00C38D56 /* CanvasViewModel.swift */ = {isa = PBXFileReference; fileEncoding = 4; lastKnownFileType = sourcecode.swift; path = CanvasViewModel.swift; sourceTree = "<group>"; };
		64CEB3A6291660FF00C38D56 /* StackItem.swift */ = {isa = PBXFileReference; fileEncoding = 4; lastKnownFileType = sourcecode.swift; path = StackItem.swift; sourceTree = "<group>"; };
		64CEB3A8291660FF00C38D56 /* CanvasEditorHome.swift */ = {isa = PBXFileReference; fileEncoding = 4; lastKnownFileType = sourcecode.swift; path = CanvasEditorHome.swift; sourceTree = "<group>"; };
		64CEB3A9291660FF00C38D56 /* ImagePicker.swift */ = {isa = PBXFileReference; fileEncoding = 4; lastKnownFileType = sourcecode.swift; path = ImagePicker.swift; sourceTree = "<group>"; };
		64CEB3AA291660FF00C38D56 /* Canvas.swift */ = {isa = PBXFileReference; fileEncoding = 4; lastKnownFileType = sourcecode.swift; path = Canvas.swift; sourceTree = "<group>"; };
		64CEB3B32916662200C38D56 /* AnimatedIndicator2Content.swift */ = {isa = PBXFileReference; fileEncoding = 4; lastKnownFileType = sourcecode.swift; path = AnimatedIndicator2Content.swift; sourceTree = "<group>"; };
		64CEB3B42916662200C38D56 /* OffsetPageTabView.swift */ = {isa = PBXFileReference; fileEncoding = 4; lastKnownFileType = sourcecode.swift; path = OffsetPageTabView.swift; sourceTree = "<group>"; };
		64CEB3B62916662200C38D56 /* Intro.swift */ = {isa = PBXFileReference; fileEncoding = 4; lastKnownFileType = sourcecode.swift; path = Intro.swift; sourceTree = "<group>"; };
		64CEB3BA2916669900C38D56 /* AnimatedIndicator2Home.swift */ = {isa = PBXFileReference; fileEncoding = 4; lastKnownFileType = sourcecode.swift; path = AnimatedIndicator2Home.swift; sourceTree = "<group>"; };
		64E7FC8D290606F900D6AA9A /* BookAppAnimationHome.swift */ = {isa = PBXFileReference; fileEncoding = 4; lastKnownFileType = sourcecode.swift; path = BookAppAnimationHome.swift; sourceTree = "<group>"; };
		64E7FC8E290606F900D6AA9A /* IsometricView.swift */ = {isa = PBXFileReference; fileEncoding = 4; lastKnownFileType = sourcecode.swift; path = IsometricView.swift; sourceTree = "<group>"; };
		64E7FC922906071E00D6AA9A /* Book.swift */ = {isa = PBXFileReference; fileEncoding = 4; lastKnownFileType = sourcecode.swift; path = Book.swift; sourceTree = "<group>"; };
		64E7FC952906080A00D6AA9A /* AppModel.swift */ = {isa = PBXFileReference; lastKnownFileType = sourcecode.swift; path = AppModel.swift; sourceTree = "<group>"; };
		64E7FC9A29065A5200D6AA9A /* ScrollIndicatorHome.swift */ = {isa = PBXFileReference; fileEncoding = 4; lastKnownFileType = sourcecode.swift; path = ScrollIndicatorHome.swift; sourceTree = "<group>"; };
		64E7FC9C29065A6900D6AA9A /* Character.swift */ = {isa = PBXFileReference; fileEncoding = 4; lastKnownFileType = sourcecode.swift; path = Character.swift; sourceTree = "<group>"; };
		64E7FCA229066D2400D6AA9A /* Product.swift */ = {isa = PBXFileReference; fileEncoding = 4; lastKnownFileType = sourcecode.swift; path = Product.swift; sourceTree = "<group>"; };
		64E7FCA429066D2D00D6AA9A /* ShoeUIBaseView.swift */ = {isa = PBXFileReference; fileEncoding = 4; lastKnownFileType = sourcecode.swift; path = ShoeUIBaseView.swift; sourceTree = "<group>"; };
		64E7FCA529066D2D00D6AA9A /* DetailView.swift */ = {isa = PBXFileReference; fileEncoding = 4; lastKnownFileType = sourcecode.swift; path = DetailView.swift; sourceTree = "<group>"; };
		64E7FCA629066D2D00D6AA9A /* ShoeUIHomeHome.swift */ = {isa = PBXFileReference; fileEncoding = 4; lastKnownFileType = sourcecode.swift; path = ShoeUIHomeHome.swift; sourceTree = "<group>"; };
		64E7FCA729066D2D00D6AA9A /* CustomCurveShape.swift */ = {isa = PBXFileReference; fileEncoding = 4; lastKnownFileType = sourcecode.swift; path = CustomCurveShape.swift; sourceTree = "<group>"; };
		64E7FCAC29066D3500D6AA9A /* BaseViewModel.swift */ = {isa = PBXFileReference; fileEncoding = 4; lastKnownFileType = sourcecode.swift; path = BaseViewModel.swift; sourceTree = "<group>"; };
		64E7FCAE290673EA00D6AA9A /* Nike_Air_Jordan.scn */ = {isa = PBXFileReference; lastKnownFileType = file.bplist; path = Nike_Air_Jordan.scn; sourceTree = "<group>"; };
		64E7FCB4290675BB00D6AA9A /* CustomSceneView.swift */ = {isa = PBXFileReference; fileEncoding = 4; lastKnownFileType = sourcecode.swift; path = CustomSceneView.swift; sourceTree = "<group>"; };
		64E7FCB5290675BB00D6AA9A /* _DShoeHome.swift */ = {isa = PBXFileReference; fileEncoding = 4; lastKnownFileType = sourcecode.swift; path = _DShoeHome.swift; sourceTree = "<group>"; };
		64E7FCBB29067D9B00D6AA9A /* GabrielaStencil-Light.ttf */ = {isa = PBXFileReference; lastKnownFileType = file; path = "GabrielaStencil-Light.ttf"; sourceTree = "<group>"; };
		64E7FCBC29067D9B00D6AA9A /* GabrielaStencil-Bold.ttf */ = {isa = PBXFileReference; lastKnownFileType = file; path = "GabrielaStencil-Bold.ttf"; sourceTree = "<group>"; };
		64E7FCBD29067DB100D6AA9A /* ParallaxCardsHome.swift */ = {isa = PBXFileReference; fileEncoding = 4; lastKnownFileType = sourcecode.swift; path = ParallaxCardsHome.swift; sourceTree = "<group>"; };
		64E7FCC029067DC400D6AA9A /* MotionManager.swift */ = {isa = PBXFileReference; fileEncoding = 4; lastKnownFileType = sourcecode.swift; path = MotionManager.swift; sourceTree = "<group>"; };
		64E7FCC329067DD400D6AA9A /* Place.swift */ = {isa = PBXFileReference; fileEncoding = 4; lastKnownFileType = sourcecode.swift; path = Place.swift; sourceTree = "<group>"; };
		64E7FCC529067E8100D6AA9A /* examples--iOS--Info.plist */ = {isa = PBXFileReference; lastKnownFileType = text.plist; path = "examples--iOS--Info.plist"; sourceTree = "<group>"; };
		64F35445290B2C180072AA8B /* Account.json */ = {isa = PBXFileReference; fileEncoding = 4; lastKnownFileType = text.json; path = Account.json; sourceTree = "<group>"; };
		64F35446290B2C180072AA8B /* Chat.json */ = {isa = PBXFileReference; fileEncoding = 4; lastKnownFileType = text.json; path = Chat.json; sourceTree = "<group>"; };
		64F35447290B2C180072AA8B /* Home.json */ = {isa = PBXFileReference; fileEncoding = 4; lastKnownFileType = text.json; path = Home.json; sourceTree = "<group>"; };
		64F35448290B2C180072AA8B /* Notification.json */ = {isa = PBXFileReference; fileEncoding = 4; lastKnownFileType = text.json; path = Notification.json; sourceTree = "<group>"; };
		64F35449290B2C180072AA8B /* Saved.json */ = {isa = PBXFileReference; fileEncoding = 4; lastKnownFileType = text.json; path = Saved.json; sourceTree = "<group>"; };
		64F35450290B2C370072AA8B /* AnimatedIcon.swift */ = {isa = PBXFileReference; fileEncoding = 4; lastKnownFileType = sourcecode.swift; path = AnimatedIcon.swift; sourceTree = "<group>"; };
		64F35451290B2C370072AA8B /* Tab.swift */ = {isa = PBXFileReference; fileEncoding = 4; lastKnownFileType = sourcecode.swift; path = Tab.swift; sourceTree = "<group>"; };
		64F35453290B2C370072AA8B /* AnimatedTabIconsMainView.swift */ = {isa = PBXFileReference; fileEncoding = 4; lastKnownFileType = sourcecode.swift; path = AnimatedTabIconsMainView.swift; sourceTree = "<group>"; };
		64F35454290B2C370072AA8B /* ResizableLottieView.swift */ = {isa = PBXFileReference; fileEncoding = 4; lastKnownFileType = sourcecode.swift; path = ResizableLottieView.swift; sourceTree = "<group>"; };
/* End PBXFileReference section */

/* Begin PBXFrameworksBuildPhase section */
		6459279B2905F79B00BA55BE /* Frameworks */ = {
			isa = PBXFrameworksBuildPhase;
			buildActionMask = 2147483647;
			files = (
				64554656290BC59C00205AD3 /* SDWebImageSwiftUI in Frameworks */,
				64554653290BC4E200205AD3 /* SDWebImage in Frameworks */,
				64F35442290B2AA00072AA8B /* Lottie in Frameworks */,
				64B17415290B9797001DD5A8 /* Ink in Frameworks */,
			);
			runOnlyForDeploymentPostprocessing = 0;
		};
		645927A12905F79B00BA55BE /* Frameworks */ = {
			isa = PBXFrameworksBuildPhase;
			buildActionMask = 2147483647;
			files = (
			);
			runOnlyForDeploymentPostprocessing = 0;
		};
		645927A82905F79B00BA55BE /* Frameworks */ = {
			isa = PBXFrameworksBuildPhase;
			buildActionMask = 2147483647;
			files = (
			);
			runOnlyForDeploymentPostprocessing = 0;
		};
		645927B42905F79B00BA55BE /* Frameworks */ = {
			isa = PBXFrameworksBuildPhase;
			buildActionMask = 2147483647;
			files = (
			);
			runOnlyForDeploymentPostprocessing = 0;
		};
/* End PBXFrameworksBuildPhase section */

/* Begin PBXGroup section */
		6405178B290932560088AB0F /* AnimationChallenge4 */ = {
			isa = PBXGroup;
			children = (
				6405178D290932660088AB0F /* Model */,
				6405178C2909325C0088AB0F /* View */,
			);
			path = AnimationChallenge4;
			sourceTree = "<group>";
		};
		6405178C2909325C0088AB0F /* View */ = {
			isa = PBXGroup;
			children = (
				6405178F2909328F0088AB0F /* CustomCorners.swift */,
				6405178E2909328F0088AB0F /* AnimationChallenge4Home.swift */,
			);
			path = View;
			sourceTree = "<group>";
		};
		6405178D290932660088AB0F /* Model */ = {
			isa = PBXGroup;
			children = (
				64051792290932A10088AB0F /* Album.swift */,
			);
			path = Model;
			sourceTree = "<group>";
		};
		64051794290936650088AB0F /* AnimationHack */ = {
			isa = PBXGroup;
			children = (
				64051795290936690088AB0F /* View */,
			);
			path = AnimationHack;
			sourceTree = "<group>";
		};
		64051795290936690088AB0F /* View */ = {
			isa = PBXGroup;
			children = (
				64051796290936880088AB0F /* AnimationHackHome.swift */,
			);
			path = View;
			sourceTree = "<group>";
		};
		64051798290937F50088AB0F /* BreatheAnimation */ = {
			isa = PBXGroup;
			children = (
				6405179A290938180088AB0F /* Model */,
				64051799290938120088AB0F /* View */,
			);
			path = BreatheAnimation;
			sourceTree = "<group>";
		};
		64051799290938120088AB0F /* View */ = {
			isa = PBXGroup;
			children = (
				6405179B290938290088AB0F /* BreatheAnimationHome.swift */,
			);
			path = View;
			sourceTree = "<group>";
		};
		6405179A290938180088AB0F /* Model */ = {
			isa = PBXGroup;
			children = (
				6405179D290938310088AB0F /* BreatheType.swift */,
			);
			path = Model;
			sourceTree = "<group>";
		};
		6405179F29093A9A0088AB0F /* BoomerangCards */ = {
			isa = PBXGroup;
			children = (
				640517AC29093B470088AB0F /* Model */,
				640517AA29093B470088AB0F /* View */,
			);
			path = BoomerangCards;
			sourceTree = "<group>";
		};
		640517AA29093B470088AB0F /* View */ = {
			isa = PBXGroup;
			children = (
				640517AB29093B470088AB0F /* BoomerangCardsHome.swift */,
			);
			path = View;
			sourceTree = "<group>";
		};
		640517AC29093B470088AB0F /* Model */ = {
			isa = PBXGroup;
			children = (
				640517AD29093B470088AB0F /* Card.swift */,
			);
			path = Model;
			sourceTree = "<group>";
		};
		641957DE290CB08E00B28259 /* AnimatedIndicator */ = {
			isa = PBXGroup;
			children = (
				641957E0290CB0AA00B28259 /* Model */,
				641957DF290CB0A400B28259 /* View */,
			);
			path = AnimatedIndicator;
			sourceTree = "<group>";
		};
		641957DF290CB0A400B28259 /* View */ = {
			isa = PBXGroup;
			children = (
				641957E1290CB0D100B28259 /* AnimatedIndicatorHome.swift */,
			);
			path = View;
			sourceTree = "<group>";
		};
		641957E0290CB0AA00B28259 /* Model */ = {
			isa = PBXGroup;
			children = (
			);
			path = Model;
			sourceTree = "<group>";
		};
		641957E3290CE3C100B28259 /* AppleLandMark */ = {
			isa = PBXGroup;
			children = (
				6419580A290CE46100B28259 /* Model */,
				641957E4290CE46100B28259 /* Resources */,
				641957E7290CE46100B28259 /* Views */,
			);
			path = AppleLandMark;
			sourceTree = "<group>";
		};
		641957E4290CE46100B28259 /* Resources */ = {
			isa = PBXGroup;
			children = (
				641957E5290CE46100B28259 /* hikeData.json */,
				641957E6290CE46100B28259 /* landmarkData.json */,
			);
			path = Resources;
			sourceTree = "<group>";
		};
		641957E7290CE46100B28259 /* Views */ = {
			isa = PBXGroup;
			children = (
				641957E8290CE46100B28259 /* Hikes */,
				641957ED290CE46100B28259 /* PageView */,
				641957F2290CE46100B28259 /* Landmarks */,
				641957F6290CE46100B28259 /* Profiles */,
				641957FA290CE46100B28259 /* Categories */,
				641957FE290CE46100B28259 /* AppleLandMarkHome.swift */,
				641957FF290CE46100B28259 /* Helpers */,
				64195803290CE46100B28259 /* Badges */,
			);
			path = Views;
			sourceTree = "<group>";
		};
		641957E8290CE46100B28259 /* Hikes */ = {
			isa = PBXGroup;
			children = (
				641957E9290CE46100B28259 /* GraphCapsule.swift */,
				641957EA290CE46100B28259 /* HikeGraph.swift */,
				641957EB290CE46100B28259 /* HikeDetail.swift */,
				641957EC290CE46100B28259 /* HikeView.swift */,
			);
			path = Hikes;
			sourceTree = "<group>";
		};
		641957ED290CE46100B28259 /* PageView */ = {
			isa = PBXGroup;
			children = (
				641957EE290CE46100B28259 /* FeatureCard.swift */,
				641957EF290CE46100B28259 /* PageControl.swift */,
				641957F0290CE46100B28259 /* PageViewController.swift */,
				641957F1290CE46100B28259 /* PageView.swift */,
			);
			path = PageView;
			sourceTree = "<group>";
		};
		641957F2290CE46100B28259 /* Landmarks */ = {
			isa = PBXGroup;
			children = (
				641957F3290CE46100B28259 /* LandmarkList.swift */,
				641957F4290CE46100B28259 /* LandmarkDetail.swift */,
				641957F5290CE46100B28259 /* LandmarkRow.swift */,
			);
			path = Landmarks;
			sourceTree = "<group>";
		};
		641957F6290CE46100B28259 /* Profiles */ = {
			isa = PBXGroup;
			children = (
				641957F7290CE46100B28259 /* ProfileSummary.swift */,
				641957F8290CE46100B28259 /* ProfileEditor.swift */,
				641957F9290CE46100B28259 /* ProfileHost.swift */,
			);
			path = Profiles;
			sourceTree = "<group>";
		};
		641957FA290CE46100B28259 /* Categories */ = {
			isa = PBXGroup;
			children = (
				641957FB290CE46100B28259 /* CategoryItem.swift */,
				641957FC290CE46100B28259 /* CategoryHome.swift */,
				641957FD290CE46100B28259 /* CategoryRow.swift */,
			);
			path = Categories;
			sourceTree = "<group>";
		};
		641957FF290CE46100B28259 /* Helpers */ = {
			isa = PBXGroup;
			children = (
				64195800290CE46100B28259 /* MapView.swift */,
				64195801290CE46100B28259 /* CircleImage.swift */,
				64195802290CE46100B28259 /* FavoriteButton.swift */,
			);
			path = Helpers;
			sourceTree = "<group>";
		};
		64195803290CE46100B28259 /* Badges */ = {
			isa = PBXGroup;
			children = (
				64195804290CE46100B28259 /* HikeBadge.swift */,
				64195805290CE46100B28259 /* RotatedBadgeSymbol.swift */,
				64195806290CE46100B28259 /* HexagonParameters.swift */,
				64195807290CE46100B28259 /* BadgeSymbol.swift */,
				64195808290CE46100B28259 /* BadgeBackground.swift */,
				64195809290CE46100B28259 /* Badge.swift */,
			);
			path = Badges;
			sourceTree = "<group>";
		};
		6419580A290CE46100B28259 /* Model */ = {
			isa = PBXGroup;
			children = (
				6419580B290CE46100B28259 /* Profile.swift */,
				6419580C290CE46100B28259 /* Hike.swift */,
				6419580D290CE46100B28259 /* ModelData.swift */,
				6419580E290CE46100B28259 /* Landmark.swift */,
			);
			path = Model;
			sourceTree = "<group>";
		};
		64554649290BC3A600205AD3 /* NetflixSplashScreen */ = {
			isa = PBXGroup;
			children = (
				6455464F290BC3E100205AD3 /* logo.gif */,
				6455464A290BC3BC00205AD3 /* View */,
			);
			path = NetflixSplashScreen;
			sourceTree = "<group>";
		};
		6455464A290BC3BC00205AD3 /* View */ = {
			isa = PBXGroup;
			children = (
				6455464B290BC3CD00205AD3 /* NetflixSplashScreenHome.swift */,
				6455464C290BC3CD00205AD3 /* NetflixSplashScreen.swift */,
			);
			path = View;
			sourceTree = "<group>";
		};
		645927912905F79900BA55BE = {
			isa = PBXGroup;
			children = (
				64E7FCC529067E8100D6AA9A /* examples--iOS--Info.plist */,
				645927962905F79A00BA55BE /* Shared */,
				645927A52905F79B00BA55BE /* macOS */,
				645927AE2905F79B00BA55BE /* Tests iOS */,
				645927BA2905F79B00BA55BE /* Tests macOS */,
				6459279F2905F79B00BA55BE /* Products */,
			);
			sourceTree = "<group>";
		};
		645927962905F79A00BA55BE /* Shared */ = {
			isa = PBXGroup;
			children = (
				64E7FCBA29067D8C00D6AA9A /* Fonts */,
				64E7FCB0290673F700D6AA9A /* Assets */,
				64E7FC94290607FB00D6AA9A /* Model */,
				64E7FC8A290606B800D6AA9A /* Apps */,
				645927972905F79A00BA55BE /* examplesApp.swift */,
				645927982905F79A00BA55BE /* ContentView.swift */,
				645927992905F79B00BA55BE /* Assets.xcassets */,
			);
			path = Shared;
			sourceTree = "<group>";
		};
		6459279F2905F79B00BA55BE /* Products */ = {
			isa = PBXGroup;
			children = (
				6459279E2905F79B00BA55BE /* examples.app */,
				645927A42905F79B00BA55BE /* examples.app */,
				645927AB2905F79B00BA55BE /* Tests iOS.xctest */,
				645927B72905F79B00BA55BE /* Tests macOS.xctest */,
			);
			name = Products;
			sourceTree = "<group>";
		};
		645927A52905F79B00BA55BE /* macOS */ = {
			isa = PBXGroup;
			children = (
				645927A62905F79B00BA55BE /* macOS.entitlements */,
			);
			path = macOS;
			sourceTree = "<group>";
		};
		645927AE2905F79B00BA55BE /* Tests iOS */ = {
			isa = PBXGroup;
			children = (
				645927AF2905F79B00BA55BE /* Tests_iOS.swift */,
				645927B12905F79B00BA55BE /* Tests_iOSLaunchTests.swift */,
			);
			path = "Tests iOS";
			sourceTree = "<group>";
		};
		645927BA2905F79B00BA55BE /* Tests macOS */ = {
			isa = PBXGroup;
			children = (
				645927BB2905F79B00BA55BE /* Tests_macOS.swift */,
				645927BD2905F79B00BA55BE /* Tests_macOSLaunchTests.swift */,
			);
			path = "Tests macOS";
			sourceTree = "<group>";
		};
		64B17407290B917D001DD5A8 /* Markdown */ = {
			isa = PBXGroup;
			children = (
				64B17409290B91AD001DD5A8 /* Model */,
				64B17408290B91A8001DD5A8 /* View */,
			);
			path = Markdown;
			sourceTree = "<group>";
		};
		64B17408290B91A8001DD5A8 /* View */ = {
			isa = PBXGroup;
			children = (
				64B1740E290B9673001DD5A8 /* MarkdownHome.swift */,
				64B1740B290B964F001DD5A8 /* MarkdownView.swift */,
				64B1740A290B964F001DD5A8 /* ParseMarkdownToHTML.swift */,
			);
			path = View;
			sourceTree = "<group>";
		};
		64B17409290B91AD001DD5A8 /* Model */ = {
			isa = PBXGroup;
			children = (
			);
			path = Model;
			sourceTree = "<group>";
		};
		64B17416290BADCC001DD5A8 /* 3DCardAnimation */ = {
			isa = PBXGroup;
			children = (
				64B17417290BADDF001DD5A8 /* Model */,
				64B17419290BADDF001DD5A8 /* View */,
			);
			path = 3DCardAnimation;
			sourceTree = "<group>";
		};
		64B17417290BADDF001DD5A8 /* Model */ = {
			isa = PBXGroup;
			children = (
				64B17418290BADDF001DD5A8 /* DCardAnimationAlbum.swift */,
			);
			path = Model;
			sourceTree = "<group>";
		};
		64B17419290BADDF001DD5A8 /* View */ = {
			isa = PBXGroup;
			children = (
				64B1741A290BADDF001DD5A8 /* DCardAnimationHome.swift */,
			);
			path = View;
			sourceTree = "<group>";
		};
		64B1741D290BB4EC001DD5A8 /* AdvancedAnimation */ = {
			isa = PBXGroup;
			children = (
				64B1741E290BB546001DD5A8 /* Model */,
				64B17420290BB547001DD5A8 /* View */,
			);
			path = AdvancedAnimation;
			sourceTree = "<group>";
		};
		64B1741E290BB546001DD5A8 /* Model */ = {
			isa = PBXGroup;
			children = (
				64B1741F290BB546001DD5A8 /* Food.swift */,
			);
			path = Model;
			sourceTree = "<group>";
		};
		64B17420290BB547001DD5A8 /* View */ = {
			isa = PBXGroup;
			children = (
				64B17421290BB547001DD5A8 /* AdvancedAnimationHome.swift */,
			);
			path = View;
			sourceTree = "<group>";
		};
		64B17424290BB854001DD5A8 /* Pencil */ = {
			isa = PBXGroup;
			children = (
				64B17425290BB874001DD5A8 /* PencilHome.swift */,
			);
			path = Pencil;
			sourceTree = "<group>";
		};
		64B17429290BBF21001DD5A8 /* LottieRatingBar */ = {
			isa = PBXGroup;
			children = (
				64B1742D290BBFB4001DD5A8 /* Rating.json */,
				64B1742A290BBFAB001DD5A8 /* View */,
			);
			path = LottieRatingBar;
			sourceTree = "<group>";
		};
		64B1742A290BBFAB001DD5A8 /* View */ = {
			isa = PBXGroup;
			children = (
				64B1742F290BBFF0001DD5A8 /* LottieRatingBarHome.swift */,
				64B1742B290BBFAB001DD5A8 /* LtAnimationView.swift */,
			);
			path = View;
			sourceTree = "<group>";
		};
		64B37B3D290D038E00E485E3 /* ColorsExtensions */ = {
			isa = PBXGroup;
			children = (
				64B37B48290D03C800E485E3 /* Extensions */,
				64B37B3E290D03C800E485E3 /* Views */,
				64B37B56290D03E000E485E3 /* ColorsExtensionsHome.swift */,
			);
			path = ColorsExtensions;
			sourceTree = "<group>";
		};
		64B37B3E290D03C800E485E3 /* Views */ = {
			isa = PBXGroup;
			children = (
				64B37B3F290D03C800E485E3 /* HSL.swift */,
				64B37B40290D03C800E485E3 /* Arithmetic.swift */,
				64B37B41290D03C800E485E3 /* GetRGBA.swift */,
				64B37B42290D03C800E485E3 /* HSV.swift */,
				64B37B43290D03C800E485E3 /* RGB.swift */,
				64B37B44290D03C800E485E3 /* ColorWithCode.swift */,
				64B37B45290D03C800E485E3 /* HEX.swift */,
				64B37B46290D03C800E485E3 /* SliderWithText.swift */,
				64B37B47290D03C800E485E3 /* CMYK.swift */,
			);
			path = Views;
			sourceTree = "<group>";
		};
		64B37B48290D03C800E485E3 /* Extensions */ = {
			isa = PBXGroup;
			children = (
				64B37B49290D03C800E485E3 /* ColorArithmetic.swift */,
				64B37B4A290D03C800E485E3 /* Color.swift */,
			);
			path = Extensions;
			sourceTree = "<group>";
		};
		64B37B5D290D31AC00E485E3 /* MotionDepthEffect */ = {
			isa = PBXGroup;
			children = (
				64B37B5E290D320600E485E3 /* ViewModel */,
				64B37B63290D341600E485E3 /* MotionDepthEffectHome.swift */,
			);
			path = MotionDepthEffect;
			sourceTree = "<group>";
		};
		64B37B5E290D320600E485E3 /* ViewModel */ = {
			isa = PBXGroup;
			children = (
				64B37B60290D322A00E485E3 /* DepthEffectMotionManager.swift */,
			);
			path = ViewModel;
			sourceTree = "<group>";
		};
		64CEB38B2916594200C38D56 /* AnimationChallenge */ = {
			isa = PBXGroup;
			children = (
				64CEB38F291659A500C38D56 /* View */,
				64CEB38E2916599000C38D56 /* ViewModel */,
			);
			path = AnimationChallenge;
			sourceTree = "<group>";
		};
		64CEB38E2916599000C38D56 /* ViewModel */ = {
			isa = PBXGroup;
			children = (
				64CEB394291659CA00C38D56 /* HomeViewModel.swift */,
			);
			path = ViewModel;
			sourceTree = "<group>";
		};
		64CEB38F291659A500C38D56 /* View */ = {
			isa = PBXGroup;
			children = (
				64CEB391291659BB00C38D56 /* AnimationChallengeHome.swift */,
			);
			path = View;
			sourceTree = "<group>";
		};
		64CEB39629165BA700C38D56 /* Animations */ = {
			isa = PBXGroup;
			children = (
				64CEB39C29165BF800C38D56 /* AnimationsHome.swift */,
				64CEB39729165BE100C38D56 /* View */,
			);
			path = Animations;
			sourceTree = "<group>";
		};
		64CEB39729165BE100C38D56 /* View */ = {
			isa = PBXGroup;
			children = (
				64CEB39829165BE100C38D56 /* AnimationsContent.swift */,
				64CEB39929165BE100C38D56 /* CustomTabBar.swift */,
			);
			path = View;
			sourceTree = "<group>";
		};
		64CEB39E2916600D00C38D56 /* Canvas */ = {
			isa = PBXGroup;
			children = (
				64CEB39F2916602100C38D56 /* View */,
			);
			path = Canvas;
			sourceTree = "<group>";
		};
		64CEB39F2916602100C38D56 /* View */ = {
			isa = PBXGroup;
			children = (
				64CEB3A02916602100C38D56 /* CanvasHome.swift */,
			);
			path = View;
			sourceTree = "<group>";
		};
		64CEB3A2291660DC00C38D56 /* CanvasEditor */ = {
			isa = PBXGroup;
			children = (
				64CEB3A5291660FF00C38D56 /* Model */,
				64CEB3A7291660FF00C38D56 /* View */,
				64CEB3A3291660FF00C38D56 /* ViewModel */,
			);
			path = CanvasEditor;
			sourceTree = "<group>";
		};
		64CEB3A3291660FF00C38D56 /* ViewModel */ = {
			isa = PBXGroup;
			children = (
				64CEB3A4291660FF00C38D56 /* CanvasViewModel.swift */,
			);
			path = ViewModel;
			sourceTree = "<group>";
		};
		64CEB3A5291660FF00C38D56 /* Model */ = {
			isa = PBXGroup;
			children = (
				64CEB3A6291660FF00C38D56 /* StackItem.swift */,
			);
			path = Model;
			sourceTree = "<group>";
		};
		64CEB3A7291660FF00C38D56 /* View */ = {
			isa = PBXGroup;
			children = (
				64CEB3A8291660FF00C38D56 /* CanvasEditorHome.swift */,
				64CEB3A9291660FF00C38D56 /* ImagePicker.swift */,
				64CEB3AA291660FF00C38D56 /* Canvas.swift */,
			);
			path = View;
			sourceTree = "<group>";
		};
		64CEB3B0291665DA00C38D56 /* New Group */ = {
			isa = PBXGroup;
			children = (
			);
			path = "New Group";
			sourceTree = "<group>";
		};
		64CEB3B12916660D00C38D56 /* AnimatedIndicator2 */ = {
			isa = PBXGroup;
			children = (
				64CEB3B52916662200C38D56 /* Model */,
				64CEB3B22916662200C38D56 /* View */,
			);
			path = AnimatedIndicator2;
			sourceTree = "<group>";
		};
		64CEB3B22916662200C38D56 /* View */ = {
			isa = PBXGroup;
			children = (
				64CEB3BA2916669900C38D56 /* AnimatedIndicator2Home.swift */,
				64CEB3B32916662200C38D56 /* AnimatedIndicator2Content.swift */,
				64CEB3B42916662200C38D56 /* OffsetPageTabView.swift */,
			);
			path = View;
			sourceTree = "<group>";
		};
		64CEB3B52916662200C38D56 /* Model */ = {
			isa = PBXGroup;
			children = (
				64CEB3B62916662200C38D56 /* Intro.swift */,
			);
			path = Model;
			sourceTree = "<group>";
		};
		64E7FC8A290606B800D6AA9A /* Apps */ = {
			isa = PBXGroup;
			children = (
				64CEB3B12916660D00C38D56 /* AnimatedIndicator2 */,
				64CEB3B0291665DA00C38D56 /* New Group */,
				64CEB3A2291660DC00C38D56 /* CanvasEditor */,
				64CEB39E2916600D00C38D56 /* Canvas */,
				64CEB39629165BA700C38D56 /* Animations */,
				64CEB38B2916594200C38D56 /* AnimationChallenge */,
				64B37B5D290D31AC00E485E3 /* MotionDepthEffect */,
				64B37B3D290D038E00E485E3 /* ColorsExtensions */,
				641957E3290CE3C100B28259 /* AppleLandMark */,
				641957DE290CB08E00B28259 /* AnimatedIndicator */,
				64554649290BC3A600205AD3 /* NetflixSplashScreen */,
				64B17429290BBF21001DD5A8 /* LottieRatingBar */,
				64B17424290BB854001DD5A8 /* Pencil */,
				64B1741D290BB4EC001DD5A8 /* AdvancedAnimation */,
				64B17416290BADCC001DD5A8 /* 3DCardAnimation */,
				64B17407290B917D001DD5A8 /* Markdown */,
				64F35443290B2AC40072AA8B /* AnimatedTabIcons */,
				6405179F29093A9A0088AB0F /* BoomerangCards */,
				64051798290937F50088AB0F /* BreatheAnimation */,
				64051794290936650088AB0F /* AnimationHack */,
				6405178B290932560088AB0F /* AnimationChallenge4 */,
				64E7FCB829067D6B00D6AA9A /* ParallaxCards */,
				64E7FCB22906742E00D6AA9A /* 3DShoeApp */,
				64E7FC9E29066CF300D6AA9A /* ShoeUI */,
				64E7FC9729065A1200D6AA9A /* ScrollIndicator */,
				64E7FC8B290606C300D6AA9A /* BookAppAnimation */,
			);
			path = Apps;
			sourceTree = "<group>";
		};
		64E7FC8B290606C300D6AA9A /* BookAppAnimation */ = {
			isa = PBXGroup;
			children = (
				64E7FC912906070700D6AA9A /* Model */,
				64E7FC8C290606CE00D6AA9A /* View */,
			);
			path = BookAppAnimation;
			sourceTree = "<group>";
		};
		64E7FC8C290606CE00D6AA9A /* View */ = {
			isa = PBXGroup;
			children = (
				64E7FC8D290606F900D6AA9A /* BookAppAnimationHome.swift */,
				64E7FC8E290606F900D6AA9A /* IsometricView.swift */,
			);
			path = View;
			sourceTree = "<group>";
		};
		64E7FC912906070700D6AA9A /* Model */ = {
			isa = PBXGroup;
			children = (
				64E7FC922906071E00D6AA9A /* Book.swift */,
			);
			path = Model;
			sourceTree = "<group>";
		};
		64E7FC94290607FB00D6AA9A /* Model */ = {
			isa = PBXGroup;
			children = (
				64E7FC952906080A00D6AA9A /* AppModel.swift */,
			);
			path = Model;
			sourceTree = "<group>";
		};
		64E7FC9729065A1200D6AA9A /* ScrollIndicator */ = {
			isa = PBXGroup;
			children = (
				64E7FC9929065A3100D6AA9A /* Model */,
				64E7FC9829065A2900D6AA9A /* View */,
			);
			path = ScrollIndicator;
			sourceTree = "<group>";
		};
		64E7FC9829065A2900D6AA9A /* View */ = {
			isa = PBXGroup;
			children = (
				64E7FC9A29065A5200D6AA9A /* ScrollIndicatorHome.swift */,
			);
			path = View;
			sourceTree = "<group>";
		};
		64E7FC9929065A3100D6AA9A /* Model */ = {
			isa = PBXGroup;
			children = (
				64E7FC9C29065A6900D6AA9A /* Character.swift */,
			);
			path = Model;
			sourceTree = "<group>";
		};
		64E7FC9E29066CF300D6AA9A /* ShoeUI */ = {
			isa = PBXGroup;
			children = (
				64E7FCA129066D1500D6AA9A /* Model */,
				64E7FCA029066D0500D6AA9A /* ViewModel */,
				64E7FC9F29066CFE00D6AA9A /* View */,
			);
			path = ShoeUI;
			sourceTree = "<group>";
		};
		64E7FC9F29066CFE00D6AA9A /* View */ = {
			isa = PBXGroup;
			children = (
				64E7FCA429066D2D00D6AA9A /* ShoeUIBaseView.swift */,
				64E7FCA729066D2D00D6AA9A /* CustomCurveShape.swift */,
				64E7FCA529066D2D00D6AA9A /* DetailView.swift */,
				64E7FCA629066D2D00D6AA9A /* ShoeUIHomeHome.swift */,
			);
			path = View;
			sourceTree = "<group>";
		};
		64E7FCA029066D0500D6AA9A /* ViewModel */ = {
			isa = PBXGroup;
			children = (
				64E7FCAC29066D3500D6AA9A /* BaseViewModel.swift */,
			);
			path = ViewModel;
			sourceTree = "<group>";
		};
		64E7FCA129066D1500D6AA9A /* Model */ = {
			isa = PBXGroup;
			children = (
				64E7FCA229066D2400D6AA9A /* Product.swift */,
			);
			path = Model;
			sourceTree = "<group>";
		};
		64E7FCB0290673F700D6AA9A /* Assets */ = {
			isa = PBXGroup;
			children = (
				64E7FCB12906741700D6AA9A /* 3D */,
			);
			path = Assets;
			sourceTree = "<group>";
		};
		64E7FCB12906741700D6AA9A /* 3D */ = {
			isa = PBXGroup;
			children = (
				64E7FCAE290673EA00D6AA9A /* Nike_Air_Jordan.scn */,
			);
			path = 3D;
			sourceTree = "<group>";
		};
		64E7FCB22906742E00D6AA9A /* 3DShoeApp */ = {
			isa = PBXGroup;
			children = (
				64E7FCB32906759100D6AA9A /* View */,
			);
			path = 3DShoeApp;
			sourceTree = "<group>";
		};
		64E7FCB32906759100D6AA9A /* View */ = {
			isa = PBXGroup;
			children = (
				64E7FCB4290675BB00D6AA9A /* CustomSceneView.swift */,
				64E7FCB5290675BB00D6AA9A /* _DShoeHome.swift */,
			);
			path = View;
			sourceTree = "<group>";
		};
		64E7FCB829067D6B00D6AA9A /* ParallaxCards */ = {
			isa = PBXGroup;
			children = (
				64E7FCC229067DCE00D6AA9A /* Model */,
				64E7FCBF29067DB700D6AA9A /* ViewModel */,
				64E7FCB929067D7300D6AA9A /* View */,
			);
			path = ParallaxCards;
			sourceTree = "<group>";
		};
		64E7FCB929067D7300D6AA9A /* View */ = {
			isa = PBXGroup;
			children = (
				64E7FCBD29067DB100D6AA9A /* ParallaxCardsHome.swift */,
			);
			path = View;
			sourceTree = "<group>";
		};
		64E7FCBA29067D8C00D6AA9A /* Fonts */ = {
			isa = PBXGroup;
			children = (
				64E7FCBC29067D9B00D6AA9A /* GabrielaStencil-Bold.ttf */,
				64E7FCBB29067D9B00D6AA9A /* GabrielaStencil-Light.ttf */,
			);
			path = Fonts;
			sourceTree = "<group>";
		};
		64E7FCBF29067DB700D6AA9A /* ViewModel */ = {
			isa = PBXGroup;
			children = (
				64E7FCC029067DC400D6AA9A /* MotionManager.swift */,
			);
			path = ViewModel;
			sourceTree = "<group>";
		};
		64E7FCC229067DCE00D6AA9A /* Model */ = {
			isa = PBXGroup;
			children = (
				64E7FCC329067DD400D6AA9A /* Place.swift */,
			);
			path = Model;
			sourceTree = "<group>";
		};
		64F35443290B2AC40072AA8B /* AnimatedTabIcons */ = {
			isa = PBXGroup;
			children = (
				64F3544F290B2C370072AA8B /* Model */,
				64F35452290B2C370072AA8B /* View */,
				64F35444290B2ADB0072AA8B /* TabIcons */,
			);
			path = AnimatedTabIcons;
			sourceTree = "<group>";
		};
		64F35444290B2ADB0072AA8B /* TabIcons */ = {
			isa = PBXGroup;
			children = (
				64F35445290B2C180072AA8B /* Account.json */,
				64F35446290B2C180072AA8B /* Chat.json */,
				64F35447290B2C180072AA8B /* Home.json */,
				64F35448290B2C180072AA8B /* Notification.json */,
				64F35449290B2C180072AA8B /* Saved.json */,
			);
			path = TabIcons;
			sourceTree = "<group>";
		};
		64F3544F290B2C370072AA8B /* Model */ = {
			isa = PBXGroup;
			children = (
				64F35450290B2C370072AA8B /* AnimatedIcon.swift */,
				64F35451290B2C370072AA8B /* Tab.swift */,
			);
			path = Model;
			sourceTree = "<group>";
		};
		64F35452290B2C370072AA8B /* View */ = {
			isa = PBXGroup;
			children = (
				64F35453290B2C370072AA8B /* AnimatedTabIconsMainView.swift */,
				64F35454290B2C370072AA8B /* ResizableLottieView.swift */,
			);
			path = View;
			sourceTree = "<group>";
		};
/* End PBXGroup section */

/* Begin PBXNativeTarget section */
		6459279D2905F79B00BA55BE /* examples (iOS) */ = {
			isa = PBXNativeTarget;
			buildConfigurationList = 645927C72905F79B00BA55BE /* Build configuration list for PBXNativeTarget "examples (iOS)" */;
			buildPhases = (
				6459279A2905F79B00BA55BE /* Sources */,
				6459279B2905F79B00BA55BE /* Frameworks */,
				6459279C2905F79B00BA55BE /* Resources */,
			);
			buildRules = (
			);
			dependencies = (
			);
			name = "examples (iOS)";
			packageProductDependencies = (
				64F35441290B2AA00072AA8B /* Lottie */,
				64B17414290B9797001DD5A8 /* Ink */,
				64554652290BC4E200205AD3 /* SDWebImage */,
				64554655290BC59C00205AD3 /* SDWebImageSwiftUI */,
			);
			productName = "examples (iOS)";
			productReference = 6459279E2905F79B00BA55BE /* examples.app */;
			productType = "com.apple.product-type.application";
		};
		645927A32905F79B00BA55BE /* examples (macOS) */ = {
			isa = PBXNativeTarget;
			buildConfigurationList = 645927CA2905F79B00BA55BE /* Build configuration list for PBXNativeTarget "examples (macOS)" */;
			buildPhases = (
				645927A02905F79B00BA55BE /* Sources */,
				645927A12905F79B00BA55BE /* Frameworks */,
				645927A22905F79B00BA55BE /* Resources */,
			);
			buildRules = (
			);
			dependencies = (
			);
			name = "examples (macOS)";
			productName = "examples (macOS)";
			productReference = 645927A42905F79B00BA55BE /* examples.app */;
			productType = "com.apple.product-type.application";
		};
		645927AA2905F79B00BA55BE /* Tests iOS */ = {
			isa = PBXNativeTarget;
			buildConfigurationList = 645927CD2905F79B00BA55BE /* Build configuration list for PBXNativeTarget "Tests iOS" */;
			buildPhases = (
				645927A72905F79B00BA55BE /* Sources */,
				645927A82905F79B00BA55BE /* Frameworks */,
				645927A92905F79B00BA55BE /* Resources */,
			);
			buildRules = (
			);
			dependencies = (
				645927AD2905F79B00BA55BE /* PBXTargetDependency */,
			);
			name = "Tests iOS";
			productName = "Tests iOS";
			productReference = 645927AB2905F79B00BA55BE /* Tests iOS.xctest */;
			productType = "com.apple.product-type.bundle.ui-testing";
		};
		645927B62905F79B00BA55BE /* Tests macOS */ = {
			isa = PBXNativeTarget;
			buildConfigurationList = 645927D02905F79B00BA55BE /* Build configuration list for PBXNativeTarget "Tests macOS" */;
			buildPhases = (
				645927B32905F79B00BA55BE /* Sources */,
				645927B42905F79B00BA55BE /* Frameworks */,
				645927B52905F79B00BA55BE /* Resources */,
			);
			buildRules = (
			);
			dependencies = (
				645927B92905F79B00BA55BE /* PBXTargetDependency */,
			);
			name = "Tests macOS";
			productName = "Tests macOS";
			productReference = 645927B72905F79B00BA55BE /* Tests macOS.xctest */;
			productType = "com.apple.product-type.bundle.ui-testing";
		};
/* End PBXNativeTarget section */

/* Begin PBXProject section */
		645927922905F79900BA55BE /* Project object */ = {
			isa = PBXProject;
			attributes = {
				BuildIndependentTargetsInParallel = 1;
				LastSwiftUpdateCheck = 1340;
				LastUpgradeCheck = 1340;
				TargetAttributes = {
					6459279D2905F79B00BA55BE = {
						CreatedOnToolsVersion = 13.4.1;
					};
					645927A32905F79B00BA55BE = {
						CreatedOnToolsVersion = 13.4.1;
					};
					645927AA2905F79B00BA55BE = {
						CreatedOnToolsVersion = 13.4.1;
						TestTargetID = 6459279D2905F79B00BA55BE;
					};
					645927B62905F79B00BA55BE = {
						CreatedOnToolsVersion = 13.4.1;
						TestTargetID = 645927A32905F79B00BA55BE;
					};
				};
			};
			buildConfigurationList = 645927952905F79900BA55BE /* Build configuration list for PBXProject "examples" */;
			compatibilityVersion = "Xcode 13.0";
			developmentRegion = en;
			hasScannedForEncodings = 0;
			knownRegions = (
				en,
				Base,
			);
			mainGroup = 645927912905F79900BA55BE;
			packageReferences = (
				64F35440290B2AA00072AA8B /* XCRemoteSwiftPackageReference "lottie-ios" */,
				64B17413290B9797001DD5A8 /* XCRemoteSwiftPackageReference "ink" */,
				64554651290BC4E200205AD3 /* XCRemoteSwiftPackageReference "SDWebImage" */,
				64554654290BC59C00205AD3 /* XCRemoteSwiftPackageReference "SDWebImageSwiftUI" */,
			);
			productRefGroup = 6459279F2905F79B00BA55BE /* Products */;
			projectDirPath = "";
			projectRoot = "";
			targets = (
				6459279D2905F79B00BA55BE /* examples (iOS) */,
				645927A32905F79B00BA55BE /* examples (macOS) */,
				645927AA2905F79B00BA55BE /* Tests iOS */,
				645927B62905F79B00BA55BE /* Tests macOS */,
			);
		};
/* End PBXProject section */

/* Begin PBXResourcesBuildPhase section */
		6459279C2905F79B00BA55BE /* Resources */ = {
			isa = PBXResourcesBuildPhase;
			buildActionMask = 2147483647;
			files = (
				64B1742E290BBFB4001DD5A8 /* Rating.json in Resources */,
				64F3544D290B2C180072AA8B /* Notification.json in Resources */,
				64195810290CE46100B28259 /* landmarkData.json in Resources */,
				64F3544A290B2C180072AA8B /* Account.json in Resources */,
				64F3544B290B2C180072AA8B /* Chat.json in Resources */,
				6419580F290CE46100B28259 /* hikeData.json in Resources */,
				64F3544C290B2C180072AA8B /* Home.json in Resources */,
				64F3544E290B2C180072AA8B /* Saved.json in Resources */,
				64E7FCAF290673EA00D6AA9A /* Nike_Air_Jordan.scn in Resources */,
				64554650290BC3E100205AD3 /* logo.gif in Resources */,
				645927C32905F79B00BA55BE /* Assets.xcassets in Resources */,
			);
			runOnlyForDeploymentPostprocessing = 0;
		};
		645927A22905F79B00BA55BE /* Resources */ = {
			isa = PBXResourcesBuildPhase;
			buildActionMask = 2147483647;
			files = (
				645927C42905F79B00BA55BE /* Assets.xcassets in Resources */,
			);
			runOnlyForDeploymentPostprocessing = 0;
		};
		645927A92905F79B00BA55BE /* Resources */ = {
			isa = PBXResourcesBuildPhase;
			buildActionMask = 2147483647;
			files = (
			);
			runOnlyForDeploymentPostprocessing = 0;
		};
		645927B52905F79B00BA55BE /* Resources */ = {
			isa = PBXResourcesBuildPhase;
			buildActionMask = 2147483647;
			files = (
			);
			runOnlyForDeploymentPostprocessing = 0;
		};
/* End PBXResourcesBuildPhase section */

/* Begin PBXSourcesBuildPhase section */
		6459279A2905F79B00BA55BE /* Sources */ = {
			isa = PBXSourcesBuildPhase;
			buildActionMask = 2147483647;
			files = (
				6419582B290CE46100B28259 /* Badge.swift in Sources */,
				64E7FC90290606F900D6AA9A /* IsometricView.swift in Sources */,
				64B37B61290D322A00E485E3 /* DepthEffectMotionManager.swift in Sources */,
				64E7FCC429067DD400D6AA9A /* Place.swift in Sources */,
				64B37B4B290D03C800E485E3 /* HSL.swift in Sources */,
				640517902909328F0088AB0F /* AnimationChallenge4Home.swift in Sources */,
				64B37B50290D03C800E485E3 /* ColorWithCode.swift in Sources */,
				64E7FCB6290675BB00D6AA9A /* CustomSceneView.swift in Sources */,
				64195828290CE46100B28259 /* HexagonParameters.swift in Sources */,
				64195820290CE46100B28259 /* CategoryHome.swift in Sources */,
				64CEB3BB2916669900C38D56 /* AnimatedIndicator2Home.swift in Sources */,
				64195821290CE46100B28259 /* CategoryRow.swift in Sources */,
				64E7FC962906080A00D6AA9A /* AppModel.swift in Sources */,
				64195823290CE46100B28259 /* MapView.swift in Sources */,
				64195811290CE46100B28259 /* GraphCapsule.swift in Sources */,
				64E7FCA329066D2400D6AA9A /* Product.swift in Sources */,
				640517AE29093B470088AB0F /* BoomerangCardsHome.swift in Sources */,
				6419581B290CE46100B28259 /* LandmarkRow.swift in Sources */,
				64B37B64290D341600E485E3 /* MotionDepthEffectHome.swift in Sources */,
				64B37B4F290D03C800E485E3 /* RGB.swift in Sources */,
				64195819290CE46100B28259 /* LandmarkList.swift in Sources */,
				6419581F290CE46100B28259 /* CategoryItem.swift in Sources */,
				6405179E290938310088AB0F /* BreatheType.swift in Sources */,
				64B1742C290BBFAB001DD5A8 /* LtAnimationView.swift in Sources */,
				64CEB3B92916662300C38D56 /* Intro.swift in Sources */,
				64E7FCAD29066D3500D6AA9A /* BaseViewModel.swift in Sources */,
				64CEB3B82916662300C38D56 /* OffsetPageTabView.swift in Sources */,
				64B1740D290B964F001DD5A8 /* MarkdownView.swift in Sources */,
				641957E2290CB0D100B28259 /* AnimatedIndicatorHome.swift in Sources */,
				64B37B54290D03C800E485E3 /* ColorArithmetic.swift in Sources */,
				64F35455290B2C370072AA8B /* AnimatedIcon.swift in Sources */,
				64B37B52290D03C800E485E3 /* SliderWithText.swift in Sources */,
				64B37B55290D03C800E485E3 /* Color.swift in Sources */,
				64B1740C290B964F001DD5A8 /* ParseMarkdownToHTML.swift in Sources */,
				645927C12905F79B00BA55BE /* ContentView.swift in Sources */,
				6419582A290CE46100B28259 /* BadgeBackground.swift in Sources */,
				6419582C290CE46100B28259 /* Profile.swift in Sources */,
				64B37B51290D03C800E485E3 /* HEX.swift in Sources */,
				640517AF29093B470088AB0F /* Card.swift in Sources */,
				64195818290CE46100B28259 /* PageView.swift in Sources */,
				64E7FCBE29067DB100D6AA9A /* ParallaxCardsHome.swift in Sources */,
				64CEB3B72916662300C38D56 /* AnimatedIndicator2Content.swift in Sources */,
				6419582F290CE46100B28259 /* Landmark.swift in Sources */,
				64F35457290B2C380072AA8B /* AnimatedTabIconsMainView.swift in Sources */,
				64E7FC8F290606F900D6AA9A /* BookAppAnimationHome.swift in Sources */,
				64195816290CE46100B28259 /* PageControl.swift in Sources */,
				64B37B4D290D03C800E485E3 /* GetRGBA.swift in Sources */,
				64E7FCA929066D2D00D6AA9A /* DetailView.swift in Sources */,
				6419582D290CE46100B28259 /* Hike.swift in Sources */,
				64B37B57290D03E000E485E3 /* ColorsExtensionsHome.swift in Sources */,
				64E7FC932906071E00D6AA9A /* Book.swift in Sources */,
				64CEB3A12916602100C38D56 /* CanvasHome.swift in Sources */,
				6419581D290CE46100B28259 /* ProfileEditor.swift in Sources */,
				64B1741B290BADDF001DD5A8 /* DCardAnimationAlbum.swift in Sources */,
				64F35456290B2C370072AA8B /* Tab.swift in Sources */,
				64195824290CE46100B28259 /* CircleImage.swift in Sources */,
				64195826290CE46100B28259 /* HikeBadge.swift in Sources */,
				64B17422290BB547001DD5A8 /* Food.swift in Sources */,
				645927BF2905F79B00BA55BE /* examplesApp.swift in Sources */,
				6419581E290CE46100B28259 /* ProfileHost.swift in Sources */,
				64CEB3AB291660FF00C38D56 /* CanvasViewModel.swift in Sources */,
				6419581C290CE46100B28259 /* ProfileSummary.swift in Sources */,
				64195825290CE46100B28259 /* FavoriteButton.swift in Sources */,
				6455464E290BC3CD00205AD3 /* NetflixSplashScreen.swift in Sources */,
				64B17427290BB874001DD5A8 /* PencilHome.swift in Sources */,
				64B1741C290BADDF001DD5A8 /* DCardAnimationHome.swift in Sources */,
				64E7FCA829066D2D00D6AA9A /* ShoeUIBaseView.swift in Sources */,
				64CEB3AF291660FF00C38D56 /* Canvas.swift in Sources */,
				64195813290CE46100B28259 /* HikeDetail.swift in Sources */,
				64195827290CE46100B28259 /* RotatedBadgeSymbol.swift in Sources */,
				64B17430290BBFF0001DD5A8 /* LottieRatingBarHome.swift in Sources */,
				64195822290CE46100B28259 /* AppleLandMarkHome.swift in Sources */,
				64195812290CE46100B28259 /* HikeGraph.swift in Sources */,
				64E7FC9B29065A5200D6AA9A /* ScrollIndicatorHome.swift in Sources */,
				64E7FCC129067DC400D6AA9A /* MotionManager.swift in Sources */,
				64B1740F290B9674001DD5A8 /* MarkdownHome.swift in Sources */,
				64B17423290BB547001DD5A8 /* AdvancedAnimationHome.swift in Sources */,
				6419581A290CE46100B28259 /* LandmarkDetail.swift in Sources */,
				64195815290CE46100B28259 /* FeatureCard.swift in Sources */,
				64CEB39D29165BF800C38D56 /* AnimationsHome.swift in Sources */,
				64195814290CE46100B28259 /* HikeView.swift in Sources */,
				64CEB3AD291660FF00C38D56 /* CanvasEditorHome.swift in Sources */,
				64E7FCAA29066D2D00D6AA9A /* ShoeUIHomeHome.swift in Sources */,
				64B37B53290D03C800E485E3 /* CMYK.swift in Sources */,
				64E7FC9D29065A6900D6AA9A /* Character.swift in Sources */,
				64195817290CE46100B28259 /* PageViewController.swift in Sources */,
				6455464D290BC3CD00205AD3 /* NetflixSplashScreenHome.swift in Sources */,
				6419582E290CE46100B28259 /* ModelData.swift in Sources */,
				64B37B4E290D03C800E485E3 /* HSV.swift in Sources */,
				64CEB3AE291660FF00C38D56 /* ImagePicker.swift in Sources */,
				64CEB393291659BB00C38D56 /* AnimationChallengeHome.swift in Sources */,
				64E7FCB7290675BB00D6AA9A /* _DShoeHome.swift in Sources */,
				64CEB39A29165BE100C38D56 /* AnimationsContent.swift in Sources */,
				64F35458290B2C380072AA8B /* ResizableLottieView.swift in Sources */,
				64051793290932A10088AB0F /* Album.swift in Sources */,
				640517912909328F0088AB0F /* CustomCorners.swift in Sources */,
				64051797290936880088AB0F /* AnimationHackHome.swift in Sources */,
				6405179C290938290088AB0F /* BreatheAnimationHome.swift in Sources */,
				64E7FCAB29066D2D00D6AA9A /* CustomCurveShape.swift in Sources */,
				64CEB3AC291660FF00C38D56 /* StackItem.swift in Sources */,
				64B37B4C290D03C800E485E3 /* Arithmetic.swift in Sources */,
				64CEB395291659CA00C38D56 /* HomeViewModel.swift in Sources */,
				64CEB39B29165BE100C38D56 /* CustomTabBar.swift in Sources */,
				64195829290CE46100B28259 /* BadgeSymbol.swift in Sources */,
			);
			runOnlyForDeploymentPostprocessing = 0;
		};
		645927A02905F79B00BA55BE /* Sources */ = {
			isa = PBXSourcesBuildPhase;
			buildActionMask = 2147483647;
			files = (
				645927C22905F79B00BA55BE /* ContentView.swift in Sources */,
				645927C02905F79B00BA55BE /* examplesApp.swift in Sources */,
			);
			runOnlyForDeploymentPostprocessing = 0;
		};
		645927A72905F79B00BA55BE /* Sources */ = {
			isa = PBXSourcesBuildPhase;
			buildActionMask = 2147483647;
			files = (
				645927B22905F79B00BA55BE /* Tests_iOSLaunchTests.swift in Sources */,
				645927B02905F79B00BA55BE /* Tests_iOS.swift in Sources */,
			);
			runOnlyForDeploymentPostprocessing = 0;
		};
		645927B32905F79B00BA55BE /* Sources */ = {
			isa = PBXSourcesBuildPhase;
			buildActionMask = 2147483647;
			files = (
				645927BE2905F79B00BA55BE /* Tests_macOSLaunchTests.swift in Sources */,
				645927BC2905F79B00BA55BE /* Tests_macOS.swift in Sources */,
			);
			runOnlyForDeploymentPostprocessing = 0;
		};
/* End PBXSourcesBuildPhase section */

/* Begin PBXTargetDependency section */
		645927AD2905F79B00BA55BE /* PBXTargetDependency */ = {
			isa = PBXTargetDependency;
			target = 6459279D2905F79B00BA55BE /* examples (iOS) */;
			targetProxy = 645927AC2905F79B00BA55BE /* PBXContainerItemProxy */;
		};
		645927B92905F79B00BA55BE /* PBXTargetDependency */ = {
			isa = PBXTargetDependency;
			target = 645927A32905F79B00BA55BE /* examples (macOS) */;
			targetProxy = 645927B82905F79B00BA55BE /* PBXContainerItemProxy */;
		};
/* End PBXTargetDependency section */

/* Begin XCBuildConfiguration section */
		645927C52905F79B00BA55BE /* Debug */ = {
			isa = XCBuildConfiguration;
			buildSettings = {
				ALWAYS_SEARCH_USER_PATHS = NO;
				CLANG_ANALYZER_NONNULL = YES;
				CLANG_ANALYZER_NUMBER_OBJECT_CONVERSION = YES_AGGRESSIVE;
				CLANG_CXX_LANGUAGE_STANDARD = "gnu++17";
				CLANG_ENABLE_MODULES = YES;
				CLANG_ENABLE_OBJC_ARC = YES;
				CLANG_ENABLE_OBJC_WEAK = YES;
				CLANG_WARN_BLOCK_CAPTURE_AUTORELEASING = YES;
				CLANG_WARN_BOOL_CONVERSION = YES;
				CLANG_WARN_COMMA = YES;
				CLANG_WARN_CONSTANT_CONVERSION = YES;
				CLANG_WARN_DEPRECATED_OBJC_IMPLEMENTATIONS = YES;
				CLANG_WARN_DIRECT_OBJC_ISA_USAGE = YES_ERROR;
				CLANG_WARN_DOCUMENTATION_COMMENTS = YES;
				CLANG_WARN_EMPTY_BODY = YES;
				CLANG_WARN_ENUM_CONVERSION = YES;
				CLANG_WARN_INFINITE_RECURSION = YES;
				CLANG_WARN_INT_CONVERSION = YES;
				CLANG_WARN_NON_LITERAL_NULL_CONVERSION = YES;
				CLANG_WARN_OBJC_IMPLICIT_RETAIN_SELF = YES;
				CLANG_WARN_OBJC_LITERAL_CONVERSION = YES;
				CLANG_WARN_OBJC_ROOT_CLASS = YES_ERROR;
				CLANG_WARN_QUOTED_INCLUDE_IN_FRAMEWORK_HEADER = YES;
				CLANG_WARN_RANGE_LOOP_ANALYSIS = YES;
				CLANG_WARN_STRICT_PROTOTYPES = YES;
				CLANG_WARN_SUSPICIOUS_MOVE = YES;
				CLANG_WARN_UNGUARDED_AVAILABILITY = YES_AGGRESSIVE;
				CLANG_WARN_UNREACHABLE_CODE = YES;
				CLANG_WARN__DUPLICATE_METHOD_MATCH = YES;
				COPY_PHASE_STRIP = NO;
				DEBUG_INFORMATION_FORMAT = dwarf;
				ENABLE_STRICT_OBJC_MSGSEND = YES;
				ENABLE_TESTABILITY = YES;
				GCC_C_LANGUAGE_STANDARD = gnu11;
				GCC_DYNAMIC_NO_PIC = NO;
				GCC_NO_COMMON_BLOCKS = YES;
				GCC_OPTIMIZATION_LEVEL = 0;
				GCC_PREPROCESSOR_DEFINITIONS = (
					"DEBUG=1",
					"$(inherited)",
				);
				GCC_WARN_64_TO_32_BIT_CONVERSION = YES;
				GCC_WARN_ABOUT_RETURN_TYPE = YES_ERROR;
				GCC_WARN_UNDECLARED_SELECTOR = YES;
				GCC_WARN_UNINITIALIZED_AUTOS = YES_AGGRESSIVE;
				GCC_WARN_UNUSED_FUNCTION = YES;
				GCC_WARN_UNUSED_VARIABLE = YES;
				MTL_ENABLE_DEBUG_INFO = INCLUDE_SOURCE;
				MTL_FAST_MATH = YES;
				ONLY_ACTIVE_ARCH = YES;
				SWIFT_ACTIVE_COMPILATION_CONDITIONS = DEBUG;
				SWIFT_OPTIMIZATION_LEVEL = "-Onone";
			};
			name = Debug;
		};
		645927C62905F79B00BA55BE /* Release */ = {
			isa = XCBuildConfiguration;
			buildSettings = {
				ALWAYS_SEARCH_USER_PATHS = NO;
				CLANG_ANALYZER_NONNULL = YES;
				CLANG_ANALYZER_NUMBER_OBJECT_CONVERSION = YES_AGGRESSIVE;
				CLANG_CXX_LANGUAGE_STANDARD = "gnu++17";
				CLANG_ENABLE_MODULES = YES;
				CLANG_ENABLE_OBJC_ARC = YES;
				CLANG_ENABLE_OBJC_WEAK = YES;
				CLANG_WARN_BLOCK_CAPTURE_AUTORELEASING = YES;
				CLANG_WARN_BOOL_CONVERSION = YES;
				CLANG_WARN_COMMA = YES;
				CLANG_WARN_CONSTANT_CONVERSION = YES;
				CLANG_WARN_DEPRECATED_OBJC_IMPLEMENTATIONS = YES;
				CLANG_WARN_DIRECT_OBJC_ISA_USAGE = YES_ERROR;
				CLANG_WARN_DOCUMENTATION_COMMENTS = YES;
				CLANG_WARN_EMPTY_BODY = YES;
				CLANG_WARN_ENUM_CONVERSION = YES;
				CLANG_WARN_INFINITE_RECURSION = YES;
				CLANG_WARN_INT_CONVERSION = YES;
				CLANG_WARN_NON_LITERAL_NULL_CONVERSION = YES;
				CLANG_WARN_OBJC_IMPLICIT_RETAIN_SELF = YES;
				CLANG_WARN_OBJC_LITERAL_CONVERSION = YES;
				CLANG_WARN_OBJC_ROOT_CLASS = YES_ERROR;
				CLANG_WARN_QUOTED_INCLUDE_IN_FRAMEWORK_HEADER = YES;
				CLANG_WARN_RANGE_LOOP_ANALYSIS = YES;
				CLANG_WARN_STRICT_PROTOTYPES = YES;
				CLANG_WARN_SUSPICIOUS_MOVE = YES;
				CLANG_WARN_UNGUARDED_AVAILABILITY = YES_AGGRESSIVE;
				CLANG_WARN_UNREACHABLE_CODE = YES;
				CLANG_WARN__DUPLICATE_METHOD_MATCH = YES;
				COPY_PHASE_STRIP = NO;
				DEBUG_INFORMATION_FORMAT = "dwarf-with-dsym";
				ENABLE_NS_ASSERTIONS = NO;
				ENABLE_STRICT_OBJC_MSGSEND = YES;
				GCC_C_LANGUAGE_STANDARD = gnu11;
				GCC_NO_COMMON_BLOCKS = YES;
				GCC_WARN_64_TO_32_BIT_CONVERSION = YES;
				GCC_WARN_ABOUT_RETURN_TYPE = YES_ERROR;
				GCC_WARN_UNDECLARED_SELECTOR = YES;
				GCC_WARN_UNINITIALIZED_AUTOS = YES_AGGRESSIVE;
				GCC_WARN_UNUSED_FUNCTION = YES;
				GCC_WARN_UNUSED_VARIABLE = YES;
				MTL_ENABLE_DEBUG_INFO = NO;
				MTL_FAST_MATH = YES;
				SWIFT_COMPILATION_MODE = wholemodule;
				SWIFT_OPTIMIZATION_LEVEL = "-O";
			};
			name = Release;
		};
		645927C82905F79B00BA55BE /* Debug */ = {
			isa = XCBuildConfiguration;
			buildSettings = {
				ASSETCATALOG_COMPILER_APPICON_NAME = AppIcon;
				ASSETCATALOG_COMPILER_GLOBAL_ACCENT_COLOR_NAME = AccentColor;
				CODE_SIGN_STYLE = Automatic;
				CURRENT_PROJECT_VERSION = 1;
				DEVELOPMENT_TEAM = YBUVRUV89Z;
				ENABLE_PREVIEWS = YES;
				GENERATE_INFOPLIST_FILE = YES;
				INFOPLIST_FILE = "examples--iOS--Info.plist";
				INFOPLIST_KEY_NSPhotoLibraryUsageDescription = "Allow To Save Drawings";
				INFOPLIST_KEY_UIApplicationSceneManifest_Generation = YES;
				INFOPLIST_KEY_UIApplicationSupportsIndirectInputEvents = YES;
				INFOPLIST_KEY_UILaunchScreen_Generation = YES;
				INFOPLIST_KEY_UISupportedInterfaceOrientations_iPad = "UIInterfaceOrientationPortrait UIInterfaceOrientationPortraitUpsideDown UIInterfaceOrientationLandscapeLeft UIInterfaceOrientationLandscapeRight";
				INFOPLIST_KEY_UISupportedInterfaceOrientations_iPhone = "UIInterfaceOrientationPortrait UIInterfaceOrientationLandscapeLeft UIInterfaceOrientationLandscapeRight";
				IPHONEOS_DEPLOYMENT_TARGET = 15.0;
				LD_RUNPATH_SEARCH_PATHS = (
					"$(inherited)",
					"@executable_path/Frameworks",
				);
				MARKETING_VERSION = 1.0;
				PRODUCT_BUNDLE_IDENTIFIER = com.magic.examples;
				PRODUCT_NAME = examples;
				SDKROOT = iphoneos;
				SWIFT_EMIT_LOC_STRINGS = YES;
				SWIFT_VERSION = 5.0;
				TARGETED_DEVICE_FAMILY = "1,2";
			};
			name = Debug;
		};
		645927C92905F79B00BA55BE /* Release */ = {
			isa = XCBuildConfiguration;
			buildSettings = {
				ASSETCATALOG_COMPILER_APPICON_NAME = AppIcon;
				ASSETCATALOG_COMPILER_GLOBAL_ACCENT_COLOR_NAME = AccentColor;
				CODE_SIGN_STYLE = Automatic;
				CURRENT_PROJECT_VERSION = 1;
				DEVELOPMENT_TEAM = YBUVRUV89Z;
				ENABLE_PREVIEWS = YES;
				GENERATE_INFOPLIST_FILE = YES;
				INFOPLIST_FILE = "examples--iOS--Info.plist";
				INFOPLIST_KEY_NSPhotoLibraryUsageDescription = "Allow To Save Drawings";
				INFOPLIST_KEY_UIApplicationSceneManifest_Generation = YES;
				INFOPLIST_KEY_UIApplicationSupportsIndirectInputEvents = YES;
				INFOPLIST_KEY_UILaunchScreen_Generation = YES;
				INFOPLIST_KEY_UISupportedInterfaceOrientations_iPad = "UIInterfaceOrientationPortrait UIInterfaceOrientationPortraitUpsideDown UIInterfaceOrientationLandscapeLeft UIInterfaceOrientationLandscapeRight";
				INFOPLIST_KEY_UISupportedInterfaceOrientations_iPhone = "UIInterfaceOrientationPortrait UIInterfaceOrientationLandscapeLeft UIInterfaceOrientationLandscapeRight";
				IPHONEOS_DEPLOYMENT_TARGET = 15.0;
				LD_RUNPATH_SEARCH_PATHS = (
					"$(inherited)",
					"@executable_path/Frameworks",
				);
				MARKETING_VERSION = 1.0;
				PRODUCT_BUNDLE_IDENTIFIER = com.magic.examples;
				PRODUCT_NAME = examples;
				SDKROOT = iphoneos;
				SWIFT_EMIT_LOC_STRINGS = YES;
				SWIFT_VERSION = 5.0;
				TARGETED_DEVICE_FAMILY = "1,2";
				VALIDATE_PRODUCT = YES;
			};
			name = Release;
		};
		645927CB2905F79B00BA55BE /* Debug */ = {
			isa = XCBuildConfiguration;
			buildSettings = {
				ASSETCATALOG_COMPILER_APPICON_NAME = AppIcon;
				ASSETCATALOG_COMPILER_GLOBAL_ACCENT_COLOR_NAME = AccentColor;
				CODE_SIGN_ENTITLEMENTS = macOS/macOS.entitlements;
				CODE_SIGN_STYLE = Automatic;
				COMBINE_HIDPI_IMAGES = YES;
				CURRENT_PROJECT_VERSION = 1;
				DEVELOPMENT_TEAM = YBUVRUV89Z;
				ENABLE_HARDENED_RUNTIME = YES;
				ENABLE_PREVIEWS = YES;
				GENERATE_INFOPLIST_FILE = YES;
				INFOPLIST_KEY_NSHumanReadableCopyright = "";
				LD_RUNPATH_SEARCH_PATHS = (
					"$(inherited)",
					"@executable_path/../Frameworks",
				);
				MACOSX_DEPLOYMENT_TARGET = 12.2;
				MARKETING_VERSION = 1.0;
				PRODUCT_BUNDLE_IDENTIFIER = com.magic.examples;
				PRODUCT_NAME = examples;
				SDKROOT = macosx;
				SWIFT_EMIT_LOC_STRINGS = YES;
				SWIFT_VERSION = 5.0;
			};
			name = Debug;
		};
		645927CC2905F79B00BA55BE /* Release */ = {
			isa = XCBuildConfiguration;
			buildSettings = {
				ASSETCATALOG_COMPILER_APPICON_NAME = AppIcon;
				ASSETCATALOG_COMPILER_GLOBAL_ACCENT_COLOR_NAME = AccentColor;
				CODE_SIGN_ENTITLEMENTS = macOS/macOS.entitlements;
				CODE_SIGN_STYLE = Automatic;
				COMBINE_HIDPI_IMAGES = YES;
				CURRENT_PROJECT_VERSION = 1;
				DEVELOPMENT_TEAM = YBUVRUV89Z;
				ENABLE_HARDENED_RUNTIME = YES;
				ENABLE_PREVIEWS = YES;
				GENERATE_INFOPLIST_FILE = YES;
				INFOPLIST_KEY_NSHumanReadableCopyright = "";
				LD_RUNPATH_SEARCH_PATHS = (
					"$(inherited)",
					"@executable_path/../Frameworks",
				);
				MACOSX_DEPLOYMENT_TARGET = 12.2;
				MARKETING_VERSION = 1.0;
				PRODUCT_BUNDLE_IDENTIFIER = com.magic.examples;
				PRODUCT_NAME = examples;
				SDKROOT = macosx;
				SWIFT_EMIT_LOC_STRINGS = YES;
				SWIFT_VERSION = 5.0;
			};
			name = Release;
		};
		645927CE2905F79B00BA55BE /* Debug */ = {
			isa = XCBuildConfiguration;
			buildSettings = {
				ALWAYS_EMBED_SWIFT_STANDARD_LIBRARIES = YES;
				CODE_SIGN_STYLE = Automatic;
				CURRENT_PROJECT_VERSION = 1;
				DEVELOPMENT_TEAM = YBUVRUV89Z;
				GENERATE_INFOPLIST_FILE = YES;
				IPHONEOS_DEPLOYMENT_TARGET = 15.5;
				MARKETING_VERSION = 1.0;
				PRODUCT_BUNDLE_IDENTIFIER = "com.magic.Tests-iOS";
				PRODUCT_NAME = "$(TARGET_NAME)";
				SDKROOT = iphoneos;
				SWIFT_EMIT_LOC_STRINGS = NO;
				SWIFT_VERSION = 5.0;
				TARGETED_DEVICE_FAMILY = "1,2";
				TEST_TARGET_NAME = "examples (iOS)";
			};
			name = Debug;
		};
		645927CF2905F79B00BA55BE /* Release */ = {
			isa = XCBuildConfiguration;
			buildSettings = {
				ALWAYS_EMBED_SWIFT_STANDARD_LIBRARIES = YES;
				CODE_SIGN_STYLE = Automatic;
				CURRENT_PROJECT_VERSION = 1;
				DEVELOPMENT_TEAM = YBUVRUV89Z;
				GENERATE_INFOPLIST_FILE = YES;
				IPHONEOS_DEPLOYMENT_TARGET = 15.5;
				MARKETING_VERSION = 1.0;
				PRODUCT_BUNDLE_IDENTIFIER = "com.magic.Tests-iOS";
				PRODUCT_NAME = "$(TARGET_NAME)";
				SDKROOT = iphoneos;
				SWIFT_EMIT_LOC_STRINGS = NO;
				SWIFT_VERSION = 5.0;
				TARGETED_DEVICE_FAMILY = "1,2";
				TEST_TARGET_NAME = "examples (iOS)";
				VALIDATE_PRODUCT = YES;
			};
			name = Release;
		};
		645927D12905F79B00BA55BE /* Debug */ = {
			isa = XCBuildConfiguration;
			buildSettings = {
				ALWAYS_EMBED_SWIFT_STANDARD_LIBRARIES = YES;
				CODE_SIGN_STYLE = Automatic;
				CURRENT_PROJECT_VERSION = 1;
				DEVELOPMENT_TEAM = YBUVRUV89Z;
				GENERATE_INFOPLIST_FILE = YES;
				MACOSX_DEPLOYMENT_TARGET = 12.2;
				MARKETING_VERSION = 1.0;
				PRODUCT_BUNDLE_IDENTIFIER = "com.magic.Tests-macOS";
				PRODUCT_NAME = "$(TARGET_NAME)";
				SDKROOT = macosx;
				SWIFT_EMIT_LOC_STRINGS = NO;
				SWIFT_VERSION = 5.0;
				TEST_TARGET_NAME = "examples (macOS)";
			};
			name = Debug;
		};
		645927D22905F79B00BA55BE /* Release */ = {
			isa = XCBuildConfiguration;
			buildSettings = {
				ALWAYS_EMBED_SWIFT_STANDARD_LIBRARIES = YES;
				CODE_SIGN_STYLE = Automatic;
				CURRENT_PROJECT_VERSION = 1;
				DEVELOPMENT_TEAM = YBUVRUV89Z;
				GENERATE_INFOPLIST_FILE = YES;
				MACOSX_DEPLOYMENT_TARGET = 12.2;
				MARKETING_VERSION = 1.0;
				PRODUCT_BUNDLE_IDENTIFIER = "com.magic.Tests-macOS";
				PRODUCT_NAME = "$(TARGET_NAME)";
				SDKROOT = macosx;
				SWIFT_EMIT_LOC_STRINGS = NO;
				SWIFT_VERSION = 5.0;
				TEST_TARGET_NAME = "examples (macOS)";
			};
			name = Release;
		};
/* End XCBuildConfiguration section */

/* Begin XCConfigurationList section */
		645927952905F79900BA55BE /* Build configuration list for PBXProject "examples" */ = {
			isa = XCConfigurationList;
			buildConfigurations = (
				645927C52905F79B00BA55BE /* Debug */,
				645927C62905F79B00BA55BE /* Release */,
			);
			defaultConfigurationIsVisible = 0;
			defaultConfigurationName = Release;
		};
		645927C72905F79B00BA55BE /* Build configuration list for PBXNativeTarget "examples (iOS)" */ = {
			isa = XCConfigurationList;
			buildConfigurations = (
				645927C82905F79B00BA55BE /* Debug */,
				645927C92905F79B00BA55BE /* Release */,
			);
			defaultConfigurationIsVisible = 0;
			defaultConfigurationName = Release;
		};
		645927CA2905F79B00BA55BE /* Build configuration list for PBXNativeTarget "examples (macOS)" */ = {
			isa = XCConfigurationList;
			buildConfigurations = (
				645927CB2905F79B00BA55BE /* Debug */,
				645927CC2905F79B00BA55BE /* Release */,
			);
			defaultConfigurationIsVisible = 0;
			defaultConfigurationName = Release;
		};
		645927CD2905F79B00BA55BE /* Build configuration list for PBXNativeTarget "Tests iOS" */ = {
			isa = XCConfigurationList;
			buildConfigurations = (
				645927CE2905F79B00BA55BE /* Debug */,
				645927CF2905F79B00BA55BE /* Release */,
			);
			defaultConfigurationIsVisible = 0;
			defaultConfigurationName = Release;
		};
		645927D02905F79B00BA55BE /* Build configuration list for PBXNativeTarget "Tests macOS" */ = {
			isa = XCConfigurationList;
			buildConfigurations = (
				645927D12905F79B00BA55BE /* Debug */,
				645927D22905F79B00BA55BE /* Release */,
			);
			defaultConfigurationIsVisible = 0;
			defaultConfigurationName = Release;
		};
/* End XCConfigurationList section */

/* Begin XCRemoteSwiftPackageReference section */
		64554651290BC4E200205AD3 /* XCRemoteSwiftPackageReference "SDWebImage" */ = {
			isa = XCRemoteSwiftPackageReference;
			repositoryURL = "https://github.com/SDWebImage/SDWebImage.git";
			requirement = {
				kind = upToNextMajorVersion;
				minimumVersion = 5.0.0;
			};
		};
		64554654290BC59C00205AD3 /* XCRemoteSwiftPackageReference "SDWebImageSwiftUI" */ = {
			isa = XCRemoteSwiftPackageReference;
			repositoryURL = "https://github.com/SDWebImage/SDWebImageSwiftUI";
			requirement = {
				kind = upToNextMajorVersion;
				minimumVersion = 2.0.0;
			};
		};
		64B17413290B9797001DD5A8 /* XCRemoteSwiftPackageReference "ink" */ = {
			isa = XCRemoteSwiftPackageReference;
			repositoryURL = "https://github.com/johnsundell/ink.git";
			requirement = {
				branch = master;
				kind = branch;
			};
		};
		64F35440290B2AA00072AA8B /* XCRemoteSwiftPackageReference "lottie-ios" */ = {
			isa = XCRemoteSwiftPackageReference;
			repositoryURL = "https://github.com/airbnb/lottie-ios/";
			requirement = {
				kind = upToNextMajorVersion;
				minimumVersion = 3.0.0;
			};
		};
/* End XCRemoteSwiftPackageReference section */

/* Begin XCSwiftPackageProductDependency section */
		64554652290BC4E200205AD3 /* SDWebImage */ = {
			isa = XCSwiftPackageProductDependency;
			package = 64554651290BC4E200205AD3 /* XCRemoteSwiftPackageReference "SDWebImage" */;
			productName = SDWebImage;
		};
		64554655290BC59C00205AD3 /* SDWebImageSwiftUI */ = {
			isa = XCSwiftPackageProductDependency;
			package = 64554654290BC59C00205AD3 /* XCRemoteSwiftPackageReference "SDWebImageSwiftUI" */;
			productName = SDWebImageSwiftUI;
		};
		64B17414290B9797001DD5A8 /* Ink */ = {
			isa = XCSwiftPackageProductDependency;
			package = 64B17413290B9797001DD5A8 /* XCRemoteSwiftPackageReference "ink" */;
			productName = Ink;
		};
		64F35441290B2AA00072AA8B /* Lottie */ = {
			isa = XCSwiftPackageProductDependency;
			package = 64F35440290B2AA00072AA8B /* XCRemoteSwiftPackageReference "lottie-ios" */;
			productName = Lottie;
		};
/* End XCSwiftPackageProductDependency section */
	};
	rootObject = 645927922905F79900BA55BE /* Project object */;
}
