// !$*UTF8*$!
{
	archiveVersion = 1;
	classes = {
	};
	objectVersion = 55;
	objects = {

/* Begin PBXBuildFile section */
		640517902909328F0088AB0F /* AnimationChallenge4Home.swift in Sources */ = {isa = PBXBuildFile; fileRef = 6405178E2909328F0088AB0F /* AnimationChallenge4Home.swift */; };
		640517912909328F0088AB0F /* CustomCorners.swift in Sources */ = {isa = PBXBuildFile; fileRef = 6405178F2909328F0088AB0F /* CustomCorners.swift */; };
		64051793290932A10088AB0F /* Album.swift in Sources */ = {isa = PBXBuildFile; fileRef = 64051792290932A10088AB0F /* Album.swift */; };
		64051797290936880088AB0F /* AnimationHackHome.swift in Sources */ = {isa = PBXBuildFile; fileRef = 64051796290936880088AB0F /* AnimationHackHome.swift */; };
		6405179C290938290088AB0F /* BreatheAnimationHome.swift in Sources */ = {isa = PBXBuildFile; fileRef = 6405179B290938290088AB0F /* BreatheAnimationHome.swift */; };
		6405179E290938310088AB0F /* BreatheType.swift in Sources */ = {isa = PBXBuildFile; fileRef = 6405179D290938310088AB0F /* BreatheType.swift */; };
		640517AE29093B470088AB0F /* BoomerangCardsHome.swift in Sources */ = {isa = PBXBuildFile; fileRef = 640517AB29093B470088AB0F /* BoomerangCardsHome.swift */; };
		640517AF29093B470088AB0F /* Card.swift in Sources */ = {isa = PBXBuildFile; fileRef = 640517AD29093B470088AB0F /* Card.swift */; };
		645927B02905F79B00BA55BE /* Tests_iOS.swift in Sources */ = {isa = PBXBuildFile; fileRef = 645927AF2905F79B00BA55BE /* Tests_iOS.swift */; };
		645927B22905F79B00BA55BE /* Tests_iOSLaunchTests.swift in Sources */ = {isa = PBXBuildFile; fileRef = 645927B12905F79B00BA55BE /* Tests_iOSLaunchTests.swift */; };
		645927BC2905F79B00BA55BE /* Tests_macOS.swift in Sources */ = {isa = PBXBuildFile; fileRef = 645927BB2905F79B00BA55BE /* Tests_macOS.swift */; };
		645927BE2905F79B00BA55BE /* Tests_macOSLaunchTests.swift in Sources */ = {isa = PBXBuildFile; fileRef = 645927BD2905F79B00BA55BE /* Tests_macOSLaunchTests.swift */; };
		645927BF2905F79B00BA55BE /* examplesApp.swift in Sources */ = {isa = PBXBuildFile; fileRef = 645927972905F79A00BA55BE /* examplesApp.swift */; };
		645927C02905F79B00BA55BE /* examplesApp.swift in Sources */ = {isa = PBXBuildFile; fileRef = 645927972905F79A00BA55BE /* examplesApp.swift */; };
		645927C12905F79B00BA55BE /* ContentView.swift in Sources */ = {isa = PBXBuildFile; fileRef = 645927982905F79A00BA55BE /* ContentView.swift */; };
		645927C22905F79B00BA55BE /* ContentView.swift in Sources */ = {isa = PBXBuildFile; fileRef = 645927982905F79A00BA55BE /* ContentView.swift */; };
		645927C32905F79B00BA55BE /* Assets.xcassets in Resources */ = {isa = PBXBuildFile; fileRef = 645927992905F79B00BA55BE /* Assets.xcassets */; };
		645927C42905F79B00BA55BE /* Assets.xcassets in Resources */ = {isa = PBXBuildFile; fileRef = 645927992905F79B00BA55BE /* Assets.xcassets */; };
		64E7FC8F290606F900D6AA9A /* BookAppAnimationHome.swift in Sources */ = {isa = PBXBuildFile; fileRef = 64E7FC8D290606F900D6AA9A /* BookAppAnimationHome.swift */; };
		64E7FC90290606F900D6AA9A /* IsometricView.swift in Sources */ = {isa = PBXBuildFile; fileRef = 64E7FC8E290606F900D6AA9A /* IsometricView.swift */; };
		64E7FC932906071E00D6AA9A /* Book.swift in Sources */ = {isa = PBXBuildFile; fileRef = 64E7FC922906071E00D6AA9A /* Book.swift */; };
		64E7FC962906080A00D6AA9A /* AppModel.swift in Sources */ = {isa = PBXBuildFile; fileRef = 64E7FC952906080A00D6AA9A /* AppModel.swift */; };
		64E7FC9B29065A5200D6AA9A /* ScrollIndicatorHome.swift in Sources */ = {isa = PBXBuildFile; fileRef = 64E7FC9A29065A5200D6AA9A /* ScrollIndicatorHome.swift */; };
		64E7FC9D29065A6900D6AA9A /* Character.swift in Sources */ = {isa = PBXBuildFile; fileRef = 64E7FC9C29065A6900D6AA9A /* Character.swift */; };
		64E7FCA329066D2400D6AA9A /* Product.swift in Sources */ = {isa = PBXBuildFile; fileRef = 64E7FCA229066D2400D6AA9A /* Product.swift */; };
		64E7FCA829066D2D00D6AA9A /* ShoeUIBaseView.swift in Sources */ = {isa = PBXBuildFile; fileRef = 64E7FCA429066D2D00D6AA9A /* ShoeUIBaseView.swift */; };
		64E7FCA929066D2D00D6AA9A /* DetailView.swift in Sources */ = {isa = PBXBuildFile; fileRef = 64E7FCA529066D2D00D6AA9A /* DetailView.swift */; };
		64E7FCAA29066D2D00D6AA9A /* ShoeUIHomeHome.swift in Sources */ = {isa = PBXBuildFile; fileRef = 64E7FCA629066D2D00D6AA9A /* ShoeUIHomeHome.swift */; };
		64E7FCAB29066D2D00D6AA9A /* CustomCurveShape.swift in Sources */ = {isa = PBXBuildFile; fileRef = 64E7FCA729066D2D00D6AA9A /* CustomCurveShape.swift */; };
		64E7FCAD29066D3500D6AA9A /* BaseViewModel.swift in Sources */ = {isa = PBXBuildFile; fileRef = 64E7FCAC29066D3500D6AA9A /* BaseViewModel.swift */; };
		64E7FCAF290673EA00D6AA9A /* Nike_Air_Jordan.scn in Resources */ = {isa = PBXBuildFile; fileRef = 64E7FCAE290673EA00D6AA9A /* Nike_Air_Jordan.scn */; };
		64E7FCB6290675BB00D6AA9A /* CustomSceneView.swift in Sources */ = {isa = PBXBuildFile; fileRef = 64E7FCB4290675BB00D6AA9A /* CustomSceneView.swift */; };
		64E7FCB7290675BB00D6AA9A /* _DShoeHome.swift in Sources */ = {isa = PBXBuildFile; fileRef = 64E7FCB5290675BB00D6AA9A /* _DShoeHome.swift */; };
		64E7FCBE29067DB100D6AA9A /* ParallaxCardsHome.swift in Sources */ = {isa = PBXBuildFile; fileRef = 64E7FCBD29067DB100D6AA9A /* ParallaxCardsHome.swift */; };
		64E7FCC129067DC400D6AA9A /* MotionManager.swift in Sources */ = {isa = PBXBuildFile; fileRef = 64E7FCC029067DC400D6AA9A /* MotionManager.swift */; };
		64E7FCC429067DD400D6AA9A /* Place.swift in Sources */ = {isa = PBXBuildFile; fileRef = 64E7FCC329067DD400D6AA9A /* Place.swift */; };
		64F35442290B2AA00072AA8B /* Lottie in Frameworks */ = {isa = PBXBuildFile; productRef = 64F35441290B2AA00072AA8B /* Lottie */; };
		64F3544A290B2C180072AA8B /* Account.json in Resources */ = {isa = PBXBuildFile; fileRef = 64F35445290B2C180072AA8B /* Account.json */; };
		64F3544B290B2C180072AA8B /* Chat.json in Resources */ = {isa = PBXBuildFile; fileRef = 64F35446290B2C180072AA8B /* Chat.json */; };
		64F3544C290B2C180072AA8B /* Home.json in Resources */ = {isa = PBXBuildFile; fileRef = 64F35447290B2C180072AA8B /* Home.json */; };
		64F3544D290B2C180072AA8B /* Notification.json in Resources */ = {isa = PBXBuildFile; fileRef = 64F35448290B2C180072AA8B /* Notification.json */; };
		64F3544E290B2C180072AA8B /* Saved.json in Resources */ = {isa = PBXBuildFile; fileRef = 64F35449290B2C180072AA8B /* Saved.json */; };
		64F35455290B2C370072AA8B /* AnimatedIcon.swift in Sources */ = {isa = PBXBuildFile; fileRef = 64F35450290B2C370072AA8B /* AnimatedIcon.swift */; };
		64F35456290B2C370072AA8B /* Tab.swift in Sources */ = {isa = PBXBuildFile; fileRef = 64F35451290B2C370072AA8B /* Tab.swift */; };
		64F35457290B2C380072AA8B /* AnimatedTabIconsMainView.swift in Sources */ = {isa = PBXBuildFile; fileRef = 64F35453290B2C370072AA8B /* AnimatedTabIconsMainView.swift */; };
		64F35458290B2C380072AA8B /* ResizableLottieView.swift in Sources */ = {isa = PBXBuildFile; fileRef = 64F35454290B2C370072AA8B /* ResizableLottieView.swift */; };
/* End PBXBuildFile section */

/* Begin PBXContainerItemProxy section */
		645927AC2905F79B00BA55BE /* PBXContainerItemProxy */ = {
			isa = PBXContainerItemProxy;
			containerPortal = 645927922905F79900BA55BE /* Project object */;
			proxyType = 1;
			remoteGlobalIDString = 6459279D2905F79B00BA55BE;
			remoteInfo = "examples (iOS)";
		};
		645927B82905F79B00BA55BE /* PBXContainerItemProxy */ = {
			isa = PBXContainerItemProxy;
			containerPortal = 645927922905F79900BA55BE /* Project object */;
			proxyType = 1;
			remoteGlobalIDString = 645927A32905F79B00BA55BE;
			remoteInfo = "examples (macOS)";
		};
/* End PBXContainerItemProxy section */

/* Begin PBXFileReference section */
		6405178E2909328F0088AB0F /* AnimationChallenge4Home.swift */ = {isa = PBXFileReference; fileEncoding = 4; lastKnownFileType = sourcecode.swift; path = AnimationChallenge4Home.swift; sourceTree = "<group>"; };
		6405178F2909328F0088AB0F /* CustomCorners.swift */ = {isa = PBXFileReference; fileEncoding = 4; lastKnownFileType = sourcecode.swift; path = CustomCorners.swift; sourceTree = "<group>"; };
		64051792290932A10088AB0F /* Album.swift */ = {isa = PBXFileReference; fileEncoding = 4; lastKnownFileType = sourcecode.swift; path = Album.swift; sourceTree = "<group>"; };
		64051796290936880088AB0F /* AnimationHackHome.swift */ = {isa = PBXFileReference; lastKnownFileType = sourcecode.swift; path = AnimationHackHome.swift; sourceTree = "<group>"; };
		6405179B290938290088AB0F /* BreatheAnimationHome.swift */ = {isa = PBXFileReference; fileEncoding = 4; lastKnownFileType = sourcecode.swift; path = BreatheAnimationHome.swift; sourceTree = "<group>"; };
		6405179D290938310088AB0F /* BreatheType.swift */ = {isa = PBXFileReference; fileEncoding = 4; lastKnownFileType = sourcecode.swift; path = BreatheType.swift; sourceTree = "<group>"; };
		640517AB29093B470088AB0F /* BoomerangCardsHome.swift */ = {isa = PBXFileReference; fileEncoding = 4; lastKnownFileType = sourcecode.swift; path = BoomerangCardsHome.swift; sourceTree = "<group>"; };
		640517AD29093B470088AB0F /* Card.swift */ = {isa = PBXFileReference; fileEncoding = 4; lastKnownFileType = sourcecode.swift; path = Card.swift; sourceTree = "<group>"; };
		645927972905F79A00BA55BE /* examplesApp.swift */ = {isa = PBXFileReference; lastKnownFileType = sourcecode.swift; path = examplesApp.swift; sourceTree = "<group>"; };
		645927982905F79A00BA55BE /* ContentView.swift */ = {isa = PBXFileReference; lastKnownFileType = sourcecode.swift; path = ContentView.swift; sourceTree = "<group>"; };
		645927992905F79B00BA55BE /* Assets.xcassets */ = {isa = PBXFileReference; lastKnownFileType = folder.assetcatalog; path = Assets.xcassets; sourceTree = "<group>"; };
		6459279E2905F79B00BA55BE /* examples.app */ = {isa = PBXFileReference; explicitFileType = wrapper.application; includeInIndex = 0; path = examples.app; sourceTree = BUILT_PRODUCTS_DIR; };
		645927A42905F79B00BA55BE /* examples.app */ = {isa = PBXFileReference; explicitFileType = wrapper.application; includeInIndex = 0; path = examples.app; sourceTree = BUILT_PRODUCTS_DIR; };
		645927A62905F79B00BA55BE /* macOS.entitlements */ = {isa = PBXFileReference; lastKnownFileType = text.plist.entitlements; path = macOS.entitlements; sourceTree = "<group>"; };
		645927AB2905F79B00BA55BE /* Tests iOS.xctest */ = {isa = PBXFileReference; explicitFileType = wrapper.cfbundle; includeInIndex = 0; path = "Tests iOS.xctest"; sourceTree = BUILT_PRODUCTS_DIR; };
		645927AF2905F79B00BA55BE /* Tests_iOS.swift */ = {isa = PBXFileReference; lastKnownFileType = sourcecode.swift; path = Tests_iOS.swift; sourceTree = "<group>"; };
		645927B12905F79B00BA55BE /* Tests_iOSLaunchTests.swift */ = {isa = PBXFileReference; lastKnownFileType = sourcecode.swift; path = Tests_iOSLaunchTests.swift; sourceTree = "<group>"; };
		645927B72905F79B00BA55BE /* Tests macOS.xctest */ = {isa = PBXFileReference; explicitFileType = wrapper.cfbundle; includeInIndex = 0; path = "Tests macOS.xctest"; sourceTree = BUILT_PRODUCTS_DIR; };
		645927BB2905F79B00BA55BE /* Tests_macOS.swift */ = {isa = PBXFileReference; lastKnownFileType = sourcecode.swift; path = Tests_macOS.swift; sourceTree = "<group>"; };
		645927BD2905F79B00BA55BE /* Tests_macOSLaunchTests.swift */ = {isa = PBXFileReference; lastKnownFileType = sourcecode.swift; path = Tests_macOSLaunchTests.swift; sourceTree = "<group>"; };
		64E7FC8D290606F900D6AA9A /* BookAppAnimationHome.swift */ = {isa = PBXFileReference; fileEncoding = 4; lastKnownFileType = sourcecode.swift; path = BookAppAnimationHome.swift; sourceTree = "<group>"; };
		64E7FC8E290606F900D6AA9A /* IsometricView.swift */ = {isa = PBXFileReference; fileEncoding = 4; lastKnownFileType = sourcecode.swift; path = IsometricView.swift; sourceTree = "<group>"; };
		64E7FC922906071E00D6AA9A /* Book.swift */ = {isa = PBXFileReference; fileEncoding = 4; lastKnownFileType = sourcecode.swift; path = Book.swift; sourceTree = "<group>"; };
		64E7FC952906080A00D6AA9A /* AppModel.swift */ = {isa = PBXFileReference; lastKnownFileType = sourcecode.swift; path = AppModel.swift; sourceTree = "<group>"; };
		64E7FC9A29065A5200D6AA9A /* ScrollIndicatorHome.swift */ = {isa = PBXFileReference; fileEncoding = 4; lastKnownFileType = sourcecode.swift; path = ScrollIndicatorHome.swift; sourceTree = "<group>"; };
		64E7FC9C29065A6900D6AA9A /* Character.swift */ = {isa = PBXFileReference; fileEncoding = 4; lastKnownFileType = sourcecode.swift; path = Character.swift; sourceTree = "<group>"; };
		64E7FCA229066D2400D6AA9A /* Product.swift */ = {isa = PBXFileReference; fileEncoding = 4; lastKnownFileType = sourcecode.swift; path = Product.swift; sourceTree = "<group>"; };
		64E7FCA429066D2D00D6AA9A /* ShoeUIBaseView.swift */ = {isa = PBXFileReference; fileEncoding = 4; lastKnownFileType = sourcecode.swift; path = ShoeUIBaseView.swift; sourceTree = "<group>"; };
		64E7FCA529066D2D00D6AA9A /* DetailView.swift */ = {isa = PBXFileReference; fileEncoding = 4; lastKnownFileType = sourcecode.swift; path = DetailView.swift; sourceTree = "<group>"; };
		64E7FCA629066D2D00D6AA9A /* ShoeUIHomeHome.swift */ = {isa = PBXFileReference; fileEncoding = 4; lastKnownFileType = sourcecode.swift; path = ShoeUIHomeHome.swift; sourceTree = "<group>"; };
		64E7FCA729066D2D00D6AA9A /* CustomCurveShape.swift */ = {isa = PBXFileReference; fileEncoding = 4; lastKnownFileType = sourcecode.swift; path = CustomCurveShape.swift; sourceTree = "<group>"; };
		64E7FCAC29066D3500D6AA9A /* BaseViewModel.swift */ = {isa = PBXFileReference; fileEncoding = 4; lastKnownFileType = sourcecode.swift; path = BaseViewModel.swift; sourceTree = "<group>"; };
		64E7FCAE290673EA00D6AA9A /* Nike_Air_Jordan.scn */ = {isa = PBXFileReference; lastKnownFileType = file.bplist; path = Nike_Air_Jordan.scn; sourceTree = "<group>"; };
		64E7FCB4290675BB00D6AA9A /* CustomSceneView.swift */ = {isa = PBXFileReference; fileEncoding = 4; lastKnownFileType = sourcecode.swift; path = CustomSceneView.swift; sourceTree = "<group>"; };
		64E7FCB5290675BB00D6AA9A /* _DShoeHome.swift */ = {isa = PBXFileReference; fileEncoding = 4; lastKnownFileType = sourcecode.swift; path = _DShoeHome.swift; sourceTree = "<group>"; };
		64E7FCBB29067D9B00D6AA9A /* GabrielaStencil-Light.ttf */ = {isa = PBXFileReference; lastKnownFileType = file; path = "GabrielaStencil-Light.ttf"; sourceTree = "<group>"; };
		64E7FCBC29067D9B00D6AA9A /* GabrielaStencil-Bold.ttf */ = {isa = PBXFileReference; lastKnownFileType = file; path = "GabrielaStencil-Bold.ttf"; sourceTree = "<group>"; };
		64E7FCBD29067DB100D6AA9A /* ParallaxCardsHome.swift */ = {isa = PBXFileReference; fileEncoding = 4; lastKnownFileType = sourcecode.swift; path = ParallaxCardsHome.swift; sourceTree = "<group>"; };
		64E7FCC029067DC400D6AA9A /* MotionManager.swift */ = {isa = PBXFileReference; fileEncoding = 4; lastKnownFileType = sourcecode.swift; path = MotionManager.swift; sourceTree = "<group>"; };
		64E7FCC329067DD400D6AA9A /* Place.swift */ = {isa = PBXFileReference; fileEncoding = 4; lastKnownFileType = sourcecode.swift; path = Place.swift; sourceTree = "<group>"; };
		64E7FCC529067E8100D6AA9A /* examples--iOS--Info.plist */ = {isa = PBXFileReference; lastKnownFileType = text.plist; path = "examples--iOS--Info.plist"; sourceTree = "<group>"; };
		64F35445290B2C180072AA8B /* Account.json */ = {isa = PBXFileReference; fileEncoding = 4; lastKnownFileType = text.json; path = Account.json; sourceTree = "<group>"; };
		64F35446290B2C180072AA8B /* Chat.json */ = {isa = PBXFileReference; fileEncoding = 4; lastKnownFileType = text.json; path = Chat.json; sourceTree = "<group>"; };
		64F35447290B2C180072AA8B /* Home.json */ = {isa = PBXFileReference; fileEncoding = 4; lastKnownFileType = text.json; path = Home.json; sourceTree = "<group>"; };
		64F35448290B2C180072AA8B /* Notification.json */ = {isa = PBXFileReference; fileEncoding = 4; lastKnownFileType = text.json; path = Notification.json; sourceTree = "<group>"; };
		64F35449290B2C180072AA8B /* Saved.json */ = {isa = PBXFileReference; fileEncoding = 4; lastKnownFileType = text.json; path = Saved.json; sourceTree = "<group>"; };
		64F35450290B2C370072AA8B /* AnimatedIcon.swift */ = {isa = PBXFileReference; fileEncoding = 4; lastKnownFileType = sourcecode.swift; path = AnimatedIcon.swift; sourceTree = "<group>"; };
		64F35451290B2C370072AA8B /* Tab.swift */ = {isa = PBXFileReference; fileEncoding = 4; lastKnownFileType = sourcecode.swift; path = Tab.swift; sourceTree = "<group>"; };
		64F35453290B2C370072AA8B /* AnimatedTabIconsMainView.swift */ = {isa = PBXFileReference; fileEncoding = 4; lastKnownFileType = sourcecode.swift; path = AnimatedTabIconsMainView.swift; sourceTree = "<group>"; };
		64F35454290B2C370072AA8B /* ResizableLottieView.swift */ = {isa = PBXFileReference; fileEncoding = 4; lastKnownFileType = sourcecode.swift; path = ResizableLottieView.swift; sourceTree = "<group>"; };
/* End PBXFileReference section */

/* Begin PBXFrameworksBuildPhase section */
		6459279B2905F79B00BA55BE /* Frameworks */ = {
			isa = PBXFrameworksBuildPhase;
			buildActionMask = 2147483647;
			files = (
				64F35442290B2AA00072AA8B /* Lottie in Frameworks */,
			);
			runOnlyForDeploymentPostprocessing = 0;
		};
		645927A12905F79B00BA55BE /* Frameworks */ = {
			isa = PBXFrameworksBuildPhase;
			buildActionMask = 2147483647;
			files = (
			);
			runOnlyForDeploymentPostprocessing = 0;
		};
		645927A82905F79B00BA55BE /* Frameworks */ = {
			isa = PBXFrameworksBuildPhase;
			buildActionMask = 2147483647;
			files = (
			);
			runOnlyForDeploymentPostprocessing = 0;
		};
		645927B42905F79B00BA55BE /* Frameworks */ = {
			isa = PBXFrameworksBuildPhase;
			buildActionMask = 2147483647;
			files = (
			);
			runOnlyForDeploymentPostprocessing = 0;
		};
/* End PBXFrameworksBuildPhase section */

/* Begin PBXGroup section */
		6405178B290932560088AB0F /* AnimationChallenge4 */ = {
			isa = PBXGroup;
			children = (
				6405178D290932660088AB0F /* Model */,
				6405178C2909325C0088AB0F /* View */,
			);
			path = AnimationChallenge4;
			sourceTree = "<group>";
		};
		6405178C2909325C0088AB0F /* View */ = {
			isa = PBXGroup;
			children = (
				6405178F2909328F0088AB0F /* CustomCorners.swift */,
				6405178E2909328F0088AB0F /* AnimationChallenge4Home.swift */,
			);
			path = View;
			sourceTree = "<group>";
		};
		6405178D290932660088AB0F /* Model */ = {
			isa = PBXGroup;
			children = (
				64051792290932A10088AB0F /* Album.swift */,
			);
			path = Model;
			sourceTree = "<group>";
		};
		64051794290936650088AB0F /* AnimationHack */ = {
			isa = PBXGroup;
			children = (
				64051795290936690088AB0F /* View */,
			);
			path = AnimationHack;
			sourceTree = "<group>";
		};
		64051795290936690088AB0F /* View */ = {
			isa = PBXGroup;
			children = (
				64051796290936880088AB0F /* AnimationHackHome.swift */,
			);
			path = View;
			sourceTree = "<group>";
		};
		64051798290937F50088AB0F /* BreatheAnimation */ = {
			isa = PBXGroup;
			children = (
				6405179A290938180088AB0F /* Model */,
				64051799290938120088AB0F /* View */,
			);
			path = BreatheAnimation;
			sourceTree = "<group>";
		};
		64051799290938120088AB0F /* View */ = {
			isa = PBXGroup;
			children = (
				6405179B290938290088AB0F /* BreatheAnimationHome.swift */,
			);
			path = View;
			sourceTree = "<group>";
		};
		6405179A290938180088AB0F /* Model */ = {
			isa = PBXGroup;
			children = (
				6405179D290938310088AB0F /* BreatheType.swift */,
			);
			path = Model;
			sourceTree = "<group>";
		};
		6405179F29093A9A0088AB0F /* BoomerangCards */ = {
			isa = PBXGroup;
			children = (
				640517AC29093B470088AB0F /* Model */,
				640517AA29093B470088AB0F /* View */,
			);
			path = BoomerangCards;
			sourceTree = "<group>";
		};
		640517AA29093B470088AB0F /* View */ = {
			isa = PBXGroup;
			children = (
				640517AB29093B470088AB0F /* BoomerangCardsHome.swift */,
			);
			path = View;
			sourceTree = "<group>";
		};
		640517AC29093B470088AB0F /* Model */ = {
			isa = PBXGroup;
			children = (
				640517AD29093B470088AB0F /* Card.swift */,
			);
			path = Model;
			sourceTree = "<group>";
		};
		645927912905F79900BA55BE = {
			isa = PBXGroup;
			children = (
				64E7FCC529067E8100D6AA9A /* examples--iOS--Info.plist */,
				645927962905F79A00BA55BE /* Shared */,
				645927A52905F79B00BA55BE /* macOS */,
				645927AE2905F79B00BA55BE /* Tests iOS */,
				645927BA2905F79B00BA55BE /* Tests macOS */,
				6459279F2905F79B00BA55BE /* Products */,
			);
			sourceTree = "<group>";
		};
		645927962905F79A00BA55BE /* Shared */ = {
			isa = PBXGroup;
			children = (
				64E7FCBA29067D8C00D6AA9A /* Fonts */,
				64E7FCB0290673F700D6AA9A /* Assets */,
				64E7FC94290607FB00D6AA9A /* Model */,
				64E7FC8A290606B800D6AA9A /* Apps */,
				645927972905F79A00BA55BE /* examplesApp.swift */,
				645927982905F79A00BA55BE /* ContentView.swift */,
				645927992905F79B00BA55BE /* Assets.xcassets */,
			);
			path = Shared;
			sourceTree = "<group>";
		};
		6459279F2905F79B00BA55BE /* Products */ = {
			isa = PBXGroup;
			children = (
				6459279E2905F79B00BA55BE /* examples.app */,
				645927A42905F79B00BA55BE /* examples.app */,
				645927AB2905F79B00BA55BE /* Tests iOS.xctest */,
				645927B72905F79B00BA55BE /* Tests macOS.xctest */,
			);
			name = Products;
			sourceTree = "<group>";
		};
		645927A52905F79B00BA55BE /* macOS */ = {
			isa = PBXGroup;
			children = (
				645927A62905F79B00BA55BE /* macOS.entitlements */,
			);
			path = macOS;
			sourceTree = "<group>";
		};
		645927AE2905F79B00BA55BE /* Tests iOS */ = {
			isa = PBXGroup;
			children = (
				645927AF2905F79B00BA55BE /* Tests_iOS.swift */,
				645927B12905F79B00BA55BE /* Tests_iOSLaunchTests.swift */,
			);
			path = "Tests iOS";
			sourceTree = "<group>";
		};
		645927BA2905F79B00BA55BE /* Tests macOS */ = {
			isa = PBXGroup;
			children = (
				645927BB2905F79B00BA55BE /* Tests_macOS.swift */,
				645927BD2905F79B00BA55BE /* Tests_macOSLaunchTests.swift */,
			);
			path = "Tests macOS";
			sourceTree = "<group>";
		};
		64E7FC8A290606B800D6AA9A /* Apps */ = {
			isa = PBXGroup;
			children = (
				64F35443290B2AC40072AA8B /* AnimatedTabIcons */,
				6405179F29093A9A0088AB0F /* BoomerangCards */,
				64051798290937F50088AB0F /* BreatheAnimation */,
				64051794290936650088AB0F /* AnimationHack */,
				6405178B290932560088AB0F /* AnimationChallenge4 */,
				64E7FCB829067D6B00D6AA9A /* ParallaxCards */,
				64E7FCB22906742E00D6AA9A /* 3DShoeApp */,
				64E7FC9E29066CF300D6AA9A /* ShoeUI */,
				64E7FC9729065A1200D6AA9A /* ScrollIndicator */,
				64E7FC8B290606C300D6AA9A /* BookAppAnimation */,
			);
			path = Apps;
			sourceTree = "<group>";
		};
		64E7FC8B290606C300D6AA9A /* BookAppAnimation */ = {
			isa = PBXGroup;
			children = (
				64E7FC912906070700D6AA9A /* Model */,
				64E7FC8C290606CE00D6AA9A /* View */,
			);
			path = BookAppAnimation;
			sourceTree = "<group>";
		};
		64E7FC8C290606CE00D6AA9A /* View */ = {
			isa = PBXGroup;
			children = (
				64E7FC8D290606F900D6AA9A /* BookAppAnimationHome.swift */,
				64E7FC8E290606F900D6AA9A /* IsometricView.swift */,
			);
			path = View;
			sourceTree = "<group>";
		};
		64E7FC912906070700D6AA9A /* Model */ = {
			isa = PBXGroup;
			children = (
				64E7FC922906071E00D6AA9A /* Book.swift */,
			);
			path = Model;
			sourceTree = "<group>";
		};
		64E7FC94290607FB00D6AA9A /* Model */ = {
			isa = PBXGroup;
			children = (
				64E7FC952906080A00D6AA9A /* AppModel.swift */,
			);
			path = Model;
			sourceTree = "<group>";
		};
		64E7FC9729065A1200D6AA9A /* ScrollIndicator */ = {
			isa = PBXGroup;
			children = (
				64E7FC9929065A3100D6AA9A /* Model */,
				64E7FC9829065A2900D6AA9A /* View */,
			);
			path = ScrollIndicator;
			sourceTree = "<group>";
		};
		64E7FC9829065A2900D6AA9A /* View */ = {
			isa = PBXGroup;
			children = (
				64E7FC9A29065A5200D6AA9A /* ScrollIndicatorHome.swift */,
			);
			path = View;
			sourceTree = "<group>";
		};
		64E7FC9929065A3100D6AA9A /* Model */ = {
			isa = PBXGroup;
			children = (
				64E7FC9C29065A6900D6AA9A /* Character.swift */,
			);
			path = Model;
			sourceTree = "<group>";
		};
		64E7FC9E29066CF300D6AA9A /* ShoeUI */ = {
			isa = PBXGroup;
			children = (
				64E7FCA129066D1500D6AA9A /* Model */,
				64E7FCA029066D0500D6AA9A /* ViewModel */,
				64E7FC9F29066CFE00D6AA9A /* View */,
			);
			path = ShoeUI;
			sourceTree = "<group>";
		};
		64E7FC9F29066CFE00D6AA9A /* View */ = {
			isa = PBXGroup;
			children = (
				64E7FCA429066D2D00D6AA9A /* ShoeUIBaseView.swift */,
				64E7FCA729066D2D00D6AA9A /* CustomCurveShape.swift */,
				64E7FCA529066D2D00D6AA9A /* DetailView.swift */,
				64E7FCA629066D2D00D6AA9A /* ShoeUIHomeHome.swift */,
			);
			path = View;
			sourceTree = "<group>";
		};
		64E7FCA029066D0500D6AA9A /* ViewModel */ = {
			isa = PBXGroup;
			children = (
				64E7FCAC29066D3500D6AA9A /* BaseViewModel.swift */,
			);
			path = ViewModel;
			sourceTree = "<group>";
		};
		64E7FCA129066D1500D6AA9A /* Model */ = {
			isa = PBXGroup;
			children = (
				64E7FCA229066D2400D6AA9A /* Product.swift */,
			);
			path = Model;
			sourceTree = "<group>";
		};
		64E7FCB0290673F700D6AA9A /* Assets */ = {
			isa = PBXGroup;
			children = (
				64E7FCB12906741700D6AA9A /* 3D */,
			);
			path = Assets;
			sourceTree = "<group>";
		};
		64E7FCB12906741700D6AA9A /* 3D */ = {
			isa = PBXGroup;
			children = (
				64E7FCAE290673EA00D6AA9A /* Nike_Air_Jordan.scn */,
			);
			path = 3D;
			sourceTree = "<group>";
		};
		64E7FCB22906742E00D6AA9A /* 3DShoeApp */ = {
			isa = PBXGroup;
			children = (
				64E7FCB32906759100D6AA9A /* View */,
			);
			path = 3DShoeApp;
			sourceTree = "<group>";
		};
		64E7FCB32906759100D6AA9A /* View */ = {
			isa = PBXGroup;
			children = (
				64E7FCB4290675BB00D6AA9A /* CustomSceneView.swift */,
				64E7FCB5290675BB00D6AA9A /* _DShoeHome.swift */,
			);
			path = View;
			sourceTree = "<group>";
		};
		64E7FCB829067D6B00D6AA9A /* ParallaxCards */ = {
			isa = PBXGroup;
			children = (
				64E7FCC229067DCE00D6AA9A /* Model */,
				64E7FCBF29067DB700D6AA9A /* ViewModel */,
				64E7FCB929067D7300D6AA9A /* View */,
			);
			path = ParallaxCards;
			sourceTree = "<group>";
		};
		64E7FCB929067D7300D6AA9A /* View */ = {
			isa = PBXGroup;
			children = (
				64E7FCBD29067DB100D6AA9A /* ParallaxCardsHome.swift */,
			);
			path = View;
			sourceTree = "<group>";
		};
		64E7FCBA29067D8C00D6AA9A /* Fonts */ = {
			isa = PBXGroup;
			children = (
				64E7FCBC29067D9B00D6AA9A /* GabrielaStencil-Bold.ttf */,
				64E7FCBB29067D9B00D6AA9A /* GabrielaStencil-Light.ttf */,
			);
			path = Fonts;
			sourceTree = "<group>";
		};
		64E7FCBF29067DB700D6AA9A /* ViewModel */ = {
			isa = PBXGroup;
			children = (
				64E7FCC029067DC400D6AA9A /* MotionManager.swift */,
			);
			path = ViewModel;
			sourceTree = "<group>";
		};
		64E7FCC229067DCE00D6AA9A /* Model */ = {
			isa = PBXGroup;
			children = (
				64E7FCC329067DD400D6AA9A /* Place.swift */,
			);
			path = Model;
			sourceTree = "<group>";
		};
		64F35443290B2AC40072AA8B /* AnimatedTabIcons */ = {
			isa = PBXGroup;
			children = (
				64F3544F290B2C370072AA8B /* Model */,
				64F35452290B2C370072AA8B /* View */,
				64F35444290B2ADB0072AA8B /* TabIcons */,
			);
			path = AnimatedTabIcons;
			sourceTree = "<group>";
		};
		64F35444290B2ADB0072AA8B /* TabIcons */ = {
			isa = PBXGroup;
			children = (
				64F35445290B2C180072AA8B /* Account.json */,
				64F35446290B2C180072AA8B /* Chat.json */,
				64F35447290B2C180072AA8B /* Home.json */,
				64F35448290B2C180072AA8B /* Notification.json */,
				64F35449290B2C180072AA8B /* Saved.json */,
			);
			path = TabIcons;
			sourceTree = "<group>";
		};
		64F3544F290B2C370072AA8B /* Model */ = {
			isa = PBXGroup;
			children = (
				64F35450290B2C370072AA8B /* AnimatedIcon.swift */,
				64F35451290B2C370072AA8B /* Tab.swift */,
			);
			path = Model;
			sourceTree = "<group>";
		};
		64F35452290B2C370072AA8B /* View */ = {
			isa = PBXGroup;
			children = (
				64F35453290B2C370072AA8B /* AnimatedTabIconsMainView.swift */,
				64F35454290B2C370072AA8B /* ResizableLottieView.swift */,
			);
			path = View;
			sourceTree = "<group>";
		};
/* End PBXGroup section */

/* Begin PBXNativeTarget section */
		6459279D2905F79B00BA55BE /* examples (iOS) */ = {
			isa = PBXNativeTarget;
			buildConfigurationList = 645927C72905F79B00BA55BE /* Build configuration list for PBXNativeTarget "examples (iOS)" */;
			buildPhases = (
				6459279A2905F79B00BA55BE /* Sources */,
				6459279B2905F79B00BA55BE /* Frameworks */,
				6459279C2905F79B00BA55BE /* Resources */,
			);
			buildRules = (
			);
			dependencies = (
			);
			name = "examples (iOS)";
			packageProductDependencies = (
				64F35441290B2AA00072AA8B /* Lottie */,
			);
			productName = "examples (iOS)";
			productReference = 6459279E2905F79B00BA55BE /* examples.app */;
			productType = "com.apple.product-type.application";
		};
		645927A32905F79B00BA55BE /* examples (macOS) */ = {
			isa = PBXNativeTarget;
			buildConfigurationList = 645927CA2905F79B00BA55BE /* Build configuration list for PBXNativeTarget "examples (macOS)" */;
			buildPhases = (
				645927A02905F79B00BA55BE /* Sources */,
				645927A12905F79B00BA55BE /* Frameworks */,
				645927A22905F79B00BA55BE /* Resources */,
			);
			buildRules = (
			);
			dependencies = (
			);
			name = "examples (macOS)";
			productName = "examples (macOS)";
			productReference = 645927A42905F79B00BA55BE /* examples.app */;
			productType = "com.apple.product-type.application";
		};
		645927AA2905F79B00BA55BE /* Tests iOS */ = {
			isa = PBXNativeTarget;
			buildConfigurationList = 645927CD2905F79B00BA55BE /* Build configuration list for PBXNativeTarget "Tests iOS" */;
			buildPhases = (
				645927A72905F79B00BA55BE /* Sources */,
				645927A82905F79B00BA55BE /* Frameworks */,
				645927A92905F79B00BA55BE /* Resources */,
			);
			buildRules = (
			);
			dependencies = (
				645927AD2905F79B00BA55BE /* PBXTargetDependency */,
			);
			name = "Tests iOS";
			productName = "Tests iOS";
			productReference = 645927AB2905F79B00BA55BE /* Tests iOS.xctest */;
			productType = "com.apple.product-type.bundle.ui-testing";
		};
		645927B62905F79B00BA55BE /* Tests macOS */ = {
			isa = PBXNativeTarget;
			buildConfigurationList = 645927D02905F79B00BA55BE /* Build configuration list for PBXNativeTarget "Tests macOS" */;
			buildPhases = (
				645927B32905F79B00BA55BE /* Sources */,
				645927B42905F79B00BA55BE /* Frameworks */,
				645927B52905F79B00BA55BE /* Resources */,
			);
			buildRules = (
			);
			dependencies = (
				645927B92905F79B00BA55BE /* PBXTargetDependency */,
			);
			name = "Tests macOS";
			productName = "Tests macOS";
			productReference = 645927B72905F79B00BA55BE /* Tests macOS.xctest */;
			productType = "com.apple.product-type.bundle.ui-testing";
		};
/* End PBXNativeTarget section */

/* Begin PBXProject section */
		645927922905F79900BA55BE /* Project object */ = {
			isa = PBXProject;
			attributes = {
				BuildIndependentTargetsInParallel = 1;
				LastSwiftUpdateCheck = 1340;
				LastUpgradeCheck = 1340;
				TargetAttributes = {
					6459279D2905F79B00BA55BE = {
						CreatedOnToolsVersion = 13.4.1;
					};
					645927A32905F79B00BA55BE = {
						CreatedOnToolsVersion = 13.4.1;
					};
					645927AA2905F79B00BA55BE = {
						CreatedOnToolsVersion = 13.4.1;
						TestTargetID = 6459279D2905F79B00BA55BE;
					};
					645927B62905F79B00BA55BE = {
						CreatedOnToolsVersion = 13.4.1;
						TestTargetID = 645927A32905F79B00BA55BE;
					};
				};
			};
			buildConfigurationList = 645927952905F79900BA55BE /* Build configuration list for PBXProject "examples" */;
			compatibilityVersion = "Xcode 13.0";
			developmentRegion = en;
			hasScannedForEncodings = 0;
			knownRegions = (
				en,
				Base,
			);
			mainGroup = 645927912905F79900BA55BE;
			packageReferences = (
				64F35440290B2AA00072AA8B /* XCRemoteSwiftPackageReference "lottie-ios" */,
			);
			productRefGroup = 6459279F2905F79B00BA55BE /* Products */;
			projectDirPath = "";
			projectRoot = "";
			targets = (
				6459279D2905F79B00BA55BE /* examples (iOS) */,
				645927A32905F79B00BA55BE /* examples (macOS) */,
				645927AA2905F79B00BA55BE /* Tests iOS */,
				645927B62905F79B00BA55BE /* Tests macOS */,
			);
		};
/* End PBXProject section */

/* Begin PBXResourcesBuildPhase section */
		6459279C2905F79B00BA55BE /* Resources */ = {
			isa = PBXResourcesBuildPhase;
			buildActionMask = 2147483647;
			files = (
				64F3544D290B2C180072AA8B /* Notification.json in Resources */,
				64F3544A290B2C180072AA8B /* Account.json in Resources */,
				64F3544B290B2C180072AA8B /* Chat.json in Resources */,
				64F3544C290B2C180072AA8B /* Home.json in Resources */,
				64F3544E290B2C180072AA8B /* Saved.json in Resources */,
				64E7FCAF290673EA00D6AA9A /* Nike_Air_Jordan.scn in Resources */,
				645927C32905F79B00BA55BE /* Assets.xcassets in Resources */,
			);
			runOnlyForDeploymentPostprocessing = 0;
		};
		645927A22905F79B00BA55BE /* Resources */ = {
			isa = PBXResourcesBuildPhase;
			buildActionMask = 2147483647;
			files = (
				645927C42905F79B00BA55BE /* Assets.xcassets in Resources */,
			);
			runOnlyForDeploymentPostprocessing = 0;
		};
		645927A92905F79B00BA55BE /* Resources */ = {
			isa = PBXResourcesBuildPhase;
			buildActionMask = 2147483647;
			files = (
			);
			runOnlyForDeploymentPostprocessing = 0;
		};
		645927B52905F79B00BA55BE /* Resources */ = {
			isa = PBXResourcesBuildPhase;
			buildActionMask = 2147483647;
			files = (
			);
			runOnlyForDeploymentPostprocessing = 0;
		};
/* End PBXResourcesBuildPhase section */

/* Begin PBXSourcesBuildPhase section */
		6459279A2905F79B00BA55BE /* Sources */ = {
			isa = PBXSourcesBuildPhase;
			buildActionMask = 2147483647;
			files = (
				64E7FC90290606F900D6AA9A /* IsometricView.swift in Sources */,
				64E7FCC429067DD400D6AA9A /* Place.swift in Sources */,
				640517902909328F0088AB0F /* AnimationChallenge4Home.swift in Sources */,
				64E7FCB6290675BB00D6AA9A /* CustomSceneView.swift in Sources */,
				64E7FC962906080A00D6AA9A /* AppModel.swift in Sources */,
				64E7FCA329066D2400D6AA9A /* Product.swift in Sources */,
				640517AE29093B470088AB0F /* BoomerangCardsHome.swift in Sources */,
				6405179E290938310088AB0F /* BreatheType.swift in Sources */,
				64E7FCAD29066D3500D6AA9A /* BaseViewModel.swift in Sources */,
				64F35455290B2C370072AA8B /* AnimatedIcon.swift in Sources */,
				645927C12905F79B00BA55BE /* ContentView.swift in Sources */,
				640517AF29093B470088AB0F /* Card.swift in Sources */,
				64E7FCBE29067DB100D6AA9A /* ParallaxCardsHome.swift in Sources */,
				64F35457290B2C380072AA8B /* AnimatedTabIconsMainView.swift in Sources */,
				64E7FC8F290606F900D6AA9A /* BookAppAnimationHome.swift in Sources */,
				64E7FCA929066D2D00D6AA9A /* DetailView.swift in Sources */,
				64E7FC932906071E00D6AA9A /* Book.swift in Sources */,
				64F35456290B2C370072AA8B /* Tab.swift in Sources */,
				645927BF2905F79B00BA55BE /* examplesApp.swift in Sources */,
				64E7FCA829066D2D00D6AA9A /* ShoeUIBaseView.swift in Sources */,
				64E7FC9B29065A5200D6AA9A /* ScrollIndicatorHome.swift in Sources */,
				64E7FCC129067DC400D6AA9A /* MotionManager.swift in Sources */,
				64E7FCAA29066D2D00D6AA9A /* ShoeUIHomeHome.swift in Sources */,
				64E7FC9D29065A6900D6AA9A /* Character.swift in Sources */,
				64E7FCB7290675BB00D6AA9A /* _DShoeHome.swift in Sources */,
				64F35458290B2C380072AA8B /* ResizableLottieView.swift in Sources */,
				64051793290932A10088AB0F /* Album.swift in Sources */,
				640517912909328F0088AB0F /* CustomCorners.swift in Sources */,
				64051797290936880088AB0F /* AnimationHackHome.swift in Sources */,
				6405179C290938290088AB0F /* BreatheAnimationHome.swift in Sources */,
				64E7FCAB29066D2D00D6AA9A /* CustomCurveShape.swift in Sources */,
			);
			runOnlyForDeploymentPostprocessing = 0;
		};
		645927A02905F79B00BA55BE /* Sources */ = {
			isa = PBXSourcesBuildPhase;
			buildActionMask = 2147483647;
			files = (
				645927C22905F79B00BA55BE /* ContentView.swift in Sources */,
				645927C02905F79B00BA55BE /* examplesApp.swift in Sources */,
			);
			runOnlyForDeploymentPostprocessing = 0;
		};
		645927A72905F79B00BA55BE /* Sources */ = {
			isa = PBXSourcesBuildPhase;
			buildActionMask = 2147483647;
			files = (
				645927B22905F79B00BA55BE /* Tests_iOSLaunchTests.swift in Sources */,
				645927B02905F79B00BA55BE /* Tests_iOS.swift in Sources */,
			);
			runOnlyForDeploymentPostprocessing = 0;
		};
		645927B32905F79B00BA55BE /* Sources */ = {
			isa = PBXSourcesBuildPhase;
			buildActionMask = 2147483647;
			files = (
				645927BE2905F79B00BA55BE /* Tests_macOSLaunchTests.swift in Sources */,
				645927BC2905F79B00BA55BE /* Tests_macOS.swift in Sources */,
			);
			runOnlyForDeploymentPostprocessing = 0;
		};
/* End PBXSourcesBuildPhase section */

/* Begin PBXTargetDependency section */
		645927AD2905F79B00BA55BE /* PBXTargetDependency */ = {
			isa = PBXTargetDependency;
			target = 6459279D2905F79B00BA55BE /* examples (iOS) */;
			targetProxy = 645927AC2905F79B00BA55BE /* PBXContainerItemProxy */;
		};
		645927B92905F79B00BA55BE /* PBXTargetDependency */ = {
			isa = PBXTargetDependency;
			target = 645927A32905F79B00BA55BE /* examples (macOS) */;
			targetProxy = 645927B82905F79B00BA55BE /* PBXContainerItemProxy */;
		};
/* End PBXTargetDependency section */

/* Begin XCBuildConfiguration section */
		645927C52905F79B00BA55BE /* Debug */ = {
			isa = XCBuildConfiguration;
			buildSettings = {
				ALWAYS_SEARCH_USER_PATHS = NO;
				CLANG_ANALYZER_NONNULL = YES;
				CLANG_ANALYZER_NUMBER_OBJECT_CONVERSION = YES_AGGRESSIVE;
				CLANG_CXX_LANGUAGE_STANDARD = "gnu++17";
				CLANG_ENABLE_MODULES = YES;
				CLANG_ENABLE_OBJC_ARC = YES;
				CLANG_ENABLE_OBJC_WEAK = YES;
				CLANG_WARN_BLOCK_CAPTURE_AUTORELEASING = YES;
				CLANG_WARN_BOOL_CONVERSION = YES;
				CLANG_WARN_COMMA = YES;
				CLANG_WARN_CONSTANT_CONVERSION = YES;
				CLANG_WARN_DEPRECATED_OBJC_IMPLEMENTATIONS = YES;
				CLANG_WARN_DIRECT_OBJC_ISA_USAGE = YES_ERROR;
				CLANG_WARN_DOCUMENTATION_COMMENTS = YES;
				CLANG_WARN_EMPTY_BODY = YES;
				CLANG_WARN_ENUM_CONVERSION = YES;
				CLANG_WARN_INFINITE_RECURSION = YES;
				CLANG_WARN_INT_CONVERSION = YES;
				CLANG_WARN_NON_LITERAL_NULL_CONVERSION = YES;
				CLANG_WARN_OBJC_IMPLICIT_RETAIN_SELF = YES;
				CLANG_WARN_OBJC_LITERAL_CONVERSION = YES;
				CLANG_WARN_OBJC_ROOT_CLASS = YES_ERROR;
				CLANG_WARN_QUOTED_INCLUDE_IN_FRAMEWORK_HEADER = YES;
				CLANG_WARN_RANGE_LOOP_ANALYSIS = YES;
				CLANG_WARN_STRICT_PROTOTYPES = YES;
				CLANG_WARN_SUSPICIOUS_MOVE = YES;
				CLANG_WARN_UNGUARDED_AVAILABILITY = YES_AGGRESSIVE;
				CLANG_WARN_UNREACHABLE_CODE = YES;
				CLANG_WARN__DUPLICATE_METHOD_MATCH = YES;
				COPY_PHASE_STRIP = NO;
				DEBUG_INFORMATION_FORMAT = dwarf;
				ENABLE_STRICT_OBJC_MSGSEND = YES;
				ENABLE_TESTABILITY = YES;
				GCC_C_LANGUAGE_STANDARD = gnu11;
				GCC_DYNAMIC_NO_PIC = NO;
				GCC_NO_COMMON_BLOCKS = YES;
				GCC_OPTIMIZATION_LEVEL = 0;
				GCC_PREPROCESSOR_DEFINITIONS = (
					"DEBUG=1",
					"$(inherited)",
				);
				GCC_WARN_64_TO_32_BIT_CONVERSION = YES;
				GCC_WARN_ABOUT_RETURN_TYPE = YES_ERROR;
				GCC_WARN_UNDECLARED_SELECTOR = YES;
				GCC_WARN_UNINITIALIZED_AUTOS = YES_AGGRESSIVE;
				GCC_WARN_UNUSED_FUNCTION = YES;
				GCC_WARN_UNUSED_VARIABLE = YES;
				MTL_ENABLE_DEBUG_INFO = INCLUDE_SOURCE;
				MTL_FAST_MATH = YES;
				ONLY_ACTIVE_ARCH = YES;
				SWIFT_ACTIVE_COMPILATION_CONDITIONS = DEBUG;
				SWIFT_OPTIMIZATION_LEVEL = "-Onone";
			};
			name = Debug;
		};
		645927C62905F79B00BA55BE /* Release */ = {
			isa = XCBuildConfiguration;
			buildSettings = {
				ALWAYS_SEARCH_USER_PATHS = NO;
				CLANG_ANALYZER_NONNULL = YES;
				CLANG_ANALYZER_NUMBER_OBJECT_CONVERSION = YES_AGGRESSIVE;
				CLANG_CXX_LANGUAGE_STANDARD = "gnu++17";
				CLANG_ENABLE_MODULES = YES;
				CLANG_ENABLE_OBJC_ARC = YES;
				CLANG_ENABLE_OBJC_WEAK = YES;
				CLANG_WARN_BLOCK_CAPTURE_AUTORELEASING = YES;
				CLANG_WARN_BOOL_CONVERSION = YES;
				CLANG_WARN_COMMA = YES;
				CLANG_WARN_CONSTANT_CONVERSION = YES;
				CLANG_WARN_DEPRECATED_OBJC_IMPLEMENTATIONS = YES;
				CLANG_WARN_DIRECT_OBJC_ISA_USAGE = YES_ERROR;
				CLANG_WARN_DOCUMENTATION_COMMENTS = YES;
				CLANG_WARN_EMPTY_BODY = YES;
				CLANG_WARN_ENUM_CONVERSION = YES;
				CLANG_WARN_INFINITE_RECURSION = YES;
				CLANG_WARN_INT_CONVERSION = YES;
				CLANG_WARN_NON_LITERAL_NULL_CONVERSION = YES;
				CLANG_WARN_OBJC_IMPLICIT_RETAIN_SELF = YES;
				CLANG_WARN_OBJC_LITERAL_CONVERSION = YES;
				CLANG_WARN_OBJC_ROOT_CLASS = YES_ERROR;
				CLANG_WARN_QUOTED_INCLUDE_IN_FRAMEWORK_HEADER = YES;
				CLANG_WARN_RANGE_LOOP_ANALYSIS = YES;
				CLANG_WARN_STRICT_PROTOTYPES = YES;
				CLANG_WARN_SUSPICIOUS_MOVE = YES;
				CLANG_WARN_UNGUARDED_AVAILABILITY = YES_AGGRESSIVE;
				CLANG_WARN_UNREACHABLE_CODE = YES;
				CLANG_WARN__DUPLICATE_METHOD_MATCH = YES;
				COPY_PHASE_STRIP = NO;
				DEBUG_INFORMATION_FORMAT = "dwarf-with-dsym";
				ENABLE_NS_ASSERTIONS = NO;
				ENABLE_STRICT_OBJC_MSGSEND = YES;
				GCC_C_LANGUAGE_STANDARD = gnu11;
				GCC_NO_COMMON_BLOCKS = YES;
				GCC_WARN_64_TO_32_BIT_CONVERSION = YES;
				GCC_WARN_ABOUT_RETURN_TYPE = YES_ERROR;
				GCC_WARN_UNDECLARED_SELECTOR = YES;
				GCC_WARN_UNINITIALIZED_AUTOS = YES_AGGRESSIVE;
				GCC_WARN_UNUSED_FUNCTION = YES;
				GCC_WARN_UNUSED_VARIABLE = YES;
				MTL_ENABLE_DEBUG_INFO = NO;
				MTL_FAST_MATH = YES;
				SWIFT_COMPILATION_MODE = wholemodule;
				SWIFT_OPTIMIZATION_LEVEL = "-O";
			};
			name = Release;
		};
		645927C82905F79B00BA55BE /* Debug */ = {
			isa = XCBuildConfiguration;
			buildSettings = {
				ASSETCATALOG_COMPILER_APPICON_NAME = AppIcon;
				ASSETCATALOG_COMPILER_GLOBAL_ACCENT_COLOR_NAME = AccentColor;
				CODE_SIGN_STYLE = Automatic;
				CURRENT_PROJECT_VERSION = 1;
				DEVELOPMENT_TEAM = YBUVRUV89Z;
				ENABLE_PREVIEWS = YES;
				GENERATE_INFOPLIST_FILE = YES;
				INFOPLIST_FILE = "examples--iOS--Info.plist";
				INFOPLIST_KEY_UIApplicationSceneManifest_Generation = YES;
				INFOPLIST_KEY_UIApplicationSupportsIndirectInputEvents = YES;
				INFOPLIST_KEY_UILaunchScreen_Generation = YES;
				INFOPLIST_KEY_UISupportedInterfaceOrientations_iPad = "UIInterfaceOrientationPortrait UIInterfaceOrientationPortraitUpsideDown UIInterfaceOrientationLandscapeLeft UIInterfaceOrientationLandscapeRight";
				INFOPLIST_KEY_UISupportedInterfaceOrientations_iPhone = "UIInterfaceOrientationPortrait UIInterfaceOrientationLandscapeLeft UIInterfaceOrientationLandscapeRight";
				IPHONEOS_DEPLOYMENT_TARGET = 15.0;
				LD_RUNPATH_SEARCH_PATHS = (
					"$(inherited)",
					"@executable_path/Frameworks",
				);
				MARKETING_VERSION = 1.0;
				PRODUCT_BUNDLE_IDENTIFIER = com.magic.examples;
				PRODUCT_NAME = examples;
				SDKROOT = iphoneos;
				SWIFT_EMIT_LOC_STRINGS = YES;
				SWIFT_VERSION = 5.0;
				TARGETED_DEVICE_FAMILY = "1,2";
			};
			name = Debug;
		};
		645927C92905F79B00BA55BE /* Release */ = {
			isa = XCBuildConfiguration;
			buildSettings = {
				ASSETCATALOG_COMPILER_APPICON_NAME = AppIcon;
				ASSETCATALOG_COMPILER_GLOBAL_ACCENT_COLOR_NAME = AccentColor;
				CODE_SIGN_STYLE = Automatic;
				CURRENT_PROJECT_VERSION = 1;
				DEVELOPMENT_TEAM = YBUVRUV89Z;
				ENABLE_PREVIEWS = YES;
				GENERATE_INFOPLIST_FILE = YES;
				INFOPLIST_FILE = "examples--iOS--Info.plist";
				INFOPLIST_KEY_UIApplicationSceneManifest_Generation = YES;
				INFOPLIST_KEY_UIApplicationSupportsIndirectInputEvents = YES;
				INFOPLIST_KEY_UILaunchScreen_Generation = YES;
				INFOPLIST_KEY_UISupportedInterfaceOrientations_iPad = "UIInterfaceOrientationPortrait UIInterfaceOrientationPortraitUpsideDown UIInterfaceOrientationLandscapeLeft UIInterfaceOrientationLandscapeRight";
				INFOPLIST_KEY_UISupportedInterfaceOrientations_iPhone = "UIInterfaceOrientationPortrait UIInterfaceOrientationLandscapeLeft UIInterfaceOrientationLandscapeRight";
				IPHONEOS_DEPLOYMENT_TARGET = 15.0;
				LD_RUNPATH_SEARCH_PATHS = (
					"$(inherited)",
					"@executable_path/Frameworks",
				);
				MARKETING_VERSION = 1.0;
				PRODUCT_BUNDLE_IDENTIFIER = com.magic.examples;
				PRODUCT_NAME = examples;
				SDKROOT = iphoneos;
				SWIFT_EMIT_LOC_STRINGS = YES;
				SWIFT_VERSION = 5.0;
				TARGETED_DEVICE_FAMILY = "1,2";
				VALIDATE_PRODUCT = YES;
			};
			name = Release;
		};
		645927CB2905F79B00BA55BE /* Debug */ = {
			isa = XCBuildConfiguration;
			buildSettings = {
				ASSETCATALOG_COMPILER_APPICON_NAME = AppIcon;
				ASSETCATALOG_COMPILER_GLOBAL_ACCENT_COLOR_NAME = AccentColor;
				CODE_SIGN_ENTITLEMENTS = macOS/macOS.entitlements;
				CODE_SIGN_STYLE = Automatic;
				COMBINE_HIDPI_IMAGES = YES;
				CURRENT_PROJECT_VERSION = 1;
				DEVELOPMENT_TEAM = YBUVRUV89Z;
				ENABLE_HARDENED_RUNTIME = YES;
				ENABLE_PREVIEWS = YES;
				GENERATE_INFOPLIST_FILE = YES;
				INFOPLIST_KEY_NSHumanReadableCopyright = "";
				LD_RUNPATH_SEARCH_PATHS = (
					"$(inherited)",
					"@executable_path/../Frameworks",
				);
				MACOSX_DEPLOYMENT_TARGET = 12.2;
				MARKETING_VERSION = 1.0;
				PRODUCT_BUNDLE_IDENTIFIER = com.magic.examples;
				PRODUCT_NAME = examples;
				SDKROOT = macosx;
				SWIFT_EMIT_LOC_STRINGS = YES;
				SWIFT_VERSION = 5.0;
			};
			name = Debug;
		};
		645927CC2905F79B00BA55BE /* Release */ = {
			isa = XCBuildConfiguration;
			buildSettings = {
				ASSETCATALOG_COMPILER_APPICON_NAME = AppIcon;
				ASSETCATALOG_COMPILER_GLOBAL_ACCENT_COLOR_NAME = AccentColor;
				CODE_SIGN_ENTITLEMENTS = macOS/macOS.entitlements;
				CODE_SIGN_STYLE = Automatic;
				COMBINE_HIDPI_IMAGES = YES;
				CURRENT_PROJECT_VERSION = 1;
				DEVELOPMENT_TEAM = YBUVRUV89Z;
				ENABLE_HARDENED_RUNTIME = YES;
				ENABLE_PREVIEWS = YES;
				GENERATE_INFOPLIST_FILE = YES;
				INFOPLIST_KEY_NSHumanReadableCopyright = "";
				LD_RUNPATH_SEARCH_PATHS = (
					"$(inherited)",
					"@executable_path/../Frameworks",
				);
				MACOSX_DEPLOYMENT_TARGET = 12.2;
				MARKETING_VERSION = 1.0;
				PRODUCT_BUNDLE_IDENTIFIER = com.magic.examples;
				PRODUCT_NAME = examples;
				SDKROOT = macosx;
				SWIFT_EMIT_LOC_STRINGS = YES;
				SWIFT_VERSION = 5.0;
			};
			name = Release;
		};
		645927CE2905F79B00BA55BE /* Debug */ = {
			isa = XCBuildConfiguration;
			buildSettings = {
				ALWAYS_EMBED_SWIFT_STANDARD_LIBRARIES = YES;
				CODE_SIGN_STYLE = Automatic;
				CURRENT_PROJECT_VERSION = 1;
				DEVELOPMENT_TEAM = YBUVRUV89Z;
				GENERATE_INFOPLIST_FILE = YES;
				IPHONEOS_DEPLOYMENT_TARGET = 15.5;
				MARKETING_VERSION = 1.0;
				PRODUCT_BUNDLE_IDENTIFIER = "com.magic.Tests-iOS";
				PRODUCT_NAME = "$(TARGET_NAME)";
				SDKROOT = iphoneos;
				SWIFT_EMIT_LOC_STRINGS = NO;
				SWIFT_VERSION = 5.0;
				TARGETED_DEVICE_FAMILY = "1,2";
				TEST_TARGET_NAME = "examples (iOS)";
			};
			name = Debug;
		};
		645927CF2905F79B00BA55BE /* Release */ = {
			isa = XCBuildConfiguration;
			buildSettings = {
				ALWAYS_EMBED_SWIFT_STANDARD_LIBRARIES = YES;
				CODE_SIGN_STYLE = Automatic;
				CURRENT_PROJECT_VERSION = 1;
				DEVELOPMENT_TEAM = YBUVRUV89Z;
				GENERATE_INFOPLIST_FILE = YES;
				IPHONEOS_DEPLOYMENT_TARGET = 15.5;
				MARKETING_VERSION = 1.0;
				PRODUCT_BUNDLE_IDENTIFIER = "com.magic.Tests-iOS";
				PRODUCT_NAME = "$(TARGET_NAME)";
				SDKROOT = iphoneos;
				SWIFT_EMIT_LOC_STRINGS = NO;
				SWIFT_VERSION = 5.0;
				TARGETED_DEVICE_FAMILY = "1,2";
				TEST_TARGET_NAME = "examples (iOS)";
				VALIDATE_PRODUCT = YES;
			};
			name = Release;
		};
		645927D12905F79B00BA55BE /* Debug */ = {
			isa = XCBuildConfiguration;
			buildSettings = {
				ALWAYS_EMBED_SWIFT_STANDARD_LIBRARIES = YES;
				CODE_SIGN_STYLE = Automatic;
				CURRENT_PROJECT_VERSION = 1;
				DEVELOPMENT_TEAM = YBUVRUV89Z;
				GENERATE_INFOPLIST_FILE = YES;
				MACOSX_DEPLOYMENT_TARGET = 12.2;
				MARKETING_VERSION = 1.0;
				PRODUCT_BUNDLE_IDENTIFIER = "com.magic.Tests-macOS";
				PRODUCT_NAME = "$(TARGET_NAME)";
				SDKROOT = macosx;
				SWIFT_EMIT_LOC_STRINGS = NO;
				SWIFT_VERSION = 5.0;
				TEST_TARGET_NAME = "examples (macOS)";
			};
			name = Debug;
		};
		645927D22905F79B00BA55BE /* Release */ = {
			isa = XCBuildConfiguration;
			buildSettings = {
				ALWAYS_EMBED_SWIFT_STANDARD_LIBRARIES = YES;
				CODE_SIGN_STYLE = Automatic;
				CURRENT_PROJECT_VERSION = 1;
				DEVELOPMENT_TEAM = YBUVRUV89Z;
				GENERATE_INFOPLIST_FILE = YES;
				MACOSX_DEPLOYMENT_TARGET = 12.2;
				MARKETING_VERSION = 1.0;
				PRODUCT_BUNDLE_IDENTIFIER = "com.magic.Tests-macOS";
				PRODUCT_NAME = "$(TARGET_NAME)";
				SDKROOT = macosx;
				SWIFT_EMIT_LOC_STRINGS = NO;
				SWIFT_VERSION = 5.0;
				TEST_TARGET_NAME = "examples (macOS)";
			};
			name = Release;
		};
/* End XCBuildConfiguration section */

/* Begin XCConfigurationList section */
		645927952905F79900BA55BE /* Build configuration list for PBXProject "examples" */ = {
			isa = XCConfigurationList;
			buildConfigurations = (
				645927C52905F79B00BA55BE /* Debug */,
				645927C62905F79B00BA55BE /* Release */,
			);
			defaultConfigurationIsVisible = 0;
			defaultConfigurationName = Release;
		};
		645927C72905F79B00BA55BE /* Build configuration list for PBXNativeTarget "examples (iOS)" */ = {
			isa = XCConfigurationList;
			buildConfigurations = (
				645927C82905F79B00BA55BE /* Debug */,
				645927C92905F79B00BA55BE /* Release */,
			);
			defaultConfigurationIsVisible = 0;
			defaultConfigurationName = Release;
		};
		645927CA2905F79B00BA55BE /* Build configuration list for PBXNativeTarget "examples (macOS)" */ = {
			isa = XCConfigurationList;
			buildConfigurations = (
				645927CB2905F79B00BA55BE /* Debug */,
				645927CC2905F79B00BA55BE /* Release */,
			);
			defaultConfigurationIsVisible = 0;
			defaultConfigurationName = Release;
		};
		645927CD2905F79B00BA55BE /* Build configuration list for PBXNativeTarget "Tests iOS" */ = {
			isa = XCConfigurationList;
			buildConfigurations = (
				645927CE2905F79B00BA55BE /* Debug */,
				645927CF2905F79B00BA55BE /* Release */,
			);
			defaultConfigurationIsVisible = 0;
			defaultConfigurationName = Release;
		};
		645927D02905F79B00BA55BE /* Build configuration list for PBXNativeTarget "Tests macOS" */ = {
			isa = XCConfigurationList;
			buildConfigurations = (
				645927D12905F79B00BA55BE /* Debug */,
				645927D22905F79B00BA55BE /* Release */,
			);
			defaultConfigurationIsVisible = 0;
			defaultConfigurationName = Release;
		};
/* End XCConfigurationList section */

/* Begin XCRemoteSwiftPackageReference section */
		64F35440290B2AA00072AA8B /* XCRemoteSwiftPackageReference "lottie-ios" */ = {
			isa = XCRemoteSwiftPackageReference;
			repositoryURL = "https://github.com/airbnb/lottie-ios/";
			requirement = {
				kind = upToNextMajorVersion;
				minimumVersion = 3.0.0;
			};
		};
/* End XCRemoteSwiftPackageReference section */

/* Begin XCSwiftPackageProductDependency section */
		64F35441290B2AA00072AA8B /* Lottie */ = {
			isa = XCSwiftPackageProductDependency;
			package = 64F35440290B2AA00072AA8B /* XCRemoteSwiftPackageReference "lottie-ios" */;
			productName = Lottie;
		};
/* End XCSwiftPackageProductDependency section */
	};
	rootObject = 645927922905F79900BA55BE /* Project object */;
}
